// !$*UTF8*$!
{
	archiveVersion = 1;
	classes = {
	};
	objectVersion = 46;
	objects = {

/* Begin PBXBuildFile section */
		03D84ABB1D5B0A1000776402 /* main.swift in Sources */ = {isa = PBXBuildFile; fileRef = 03D84ABA1D5B0A1000776402 /* main.swift */; };
		03F8F7811D5B75600021630C /* JSON.swift in Sources */ = {isa = PBXBuildFile; fileRef = 03F8F7781D5B75600021630C /* JSON.swift */; };
		03F8F7821D5B75600021630C /* JSONDecodable.swift in Sources */ = {isa = PBXBuildFile; fileRef = 03F8F7791D5B75600021630C /* JSONDecodable.swift */; };
		03F8F7831D5B75600021630C /* JSONEncodable.swift in Sources */ = {isa = PBXBuildFile; fileRef = 03F8F77A1D5B75600021630C /* JSONEncodable.swift */; };
		03F8F7841D5B75600021630C /* JSONEncodingDetector.swift in Sources */ = {isa = PBXBuildFile; fileRef = 03F8F77B1D5B75600021630C /* JSONEncodingDetector.swift */; };
		03F8F7851D5B75600021630C /* JSONLiteralConvertible.swift in Sources */ = {isa = PBXBuildFile; fileRef = 03F8F77C1D5B75600021630C /* JSONLiteralConvertible.swift */; };
		03F8F7861D5B75600021630C /* JSONParser.swift in Sources */ = {isa = PBXBuildFile; fileRef = 03F8F77D1D5B75600021630C /* JSONParser.swift */; };
		03F8F7871D5B75600021630C /* JSONParsing.swift in Sources */ = {isa = PBXBuildFile; fileRef = 03F8F77E1D5B75600021630C /* JSONParsing.swift */; };
		03F8F7881D5B75600021630C /* JSONSerializing.swift in Sources */ = {isa = PBXBuildFile; fileRef = 03F8F77F1D5B75600021630C /* JSONSerializing.swift */; };
		03F8F7891D5B75600021630C /* JSONSubscripting.swift in Sources */ = {isa = PBXBuildFile; fileRef = 03F8F7801D5B75600021630C /* JSONSubscripting.swift */; };
/* End PBXBuildFile section */

/* Begin PBXCopyFilesBuildPhase section */
		03D84AB51D5B0A1000776402 /* CopyFiles */ = {
			isa = PBXCopyFilesBuildPhase;
			buildActionMask = 2147483647;
			dstPath = /usr/share/man/man1;
			dstSubfolderSpec = 0;
			files = (
			);
			runOnlyForDeploymentPostprocessing = 1;
		};
/* End PBXCopyFilesBuildPhase section */

/* Begin PBXFileReference section */
		03D84AB71D5B0A1000776402 /* test_Freddy */ = {isa = PBXFileReference; explicitFileType = "compiled.mach-o.executable"; includeInIndex = 0; path = test_Freddy; sourceTree = BUILT_PRODUCTS_DIR; };
		03D84ABA1D5B0A1000776402 /* main.swift */ = {isa = PBXFileReference; lastKnownFileType = sourcecode.swift; path = main.swift; sourceTree = "<group>"; };
		03F8F7781D5B75600021630C /* JSON.swift */ = {isa = PBXFileReference; fileEncoding = 4; lastKnownFileType = sourcecode.swift; name = JSON.swift; path = test_Freddy/JSON.swift; sourceTree = "<group>"; };
		03F8F7791D5B75600021630C /* JSONDecodable.swift */ = {isa = PBXFileReference; fileEncoding = 4; lastKnownFileType = sourcecode.swift; name = JSONDecodable.swift; path = test_Freddy/JSONDecodable.swift; sourceTree = "<group>"; };
		03F8F77A1D5B75600021630C /* JSONEncodable.swift */ = {isa = PBXFileReference; fileEncoding = 4; lastKnownFileType = sourcecode.swift; name = JSONEncodable.swift; path = test_Freddy/JSONEncodable.swift; sourceTree = "<group>"; };
		03F8F77B1D5B75600021630C /* JSONEncodingDetector.swift */ = {isa = PBXFileReference; fileEncoding = 4; lastKnownFileType = sourcecode.swift; name = JSONEncodingDetector.swift; path = test_Freddy/JSONEncodingDetector.swift; sourceTree = "<group>"; };
		03F8F77C1D5B75600021630C /* JSONLiteralConvertible.swift */ = {isa = PBXFileReference; fileEncoding = 4; lastKnownFileType = sourcecode.swift; name = JSONLiteralConvertible.swift; path = test_Freddy/JSONLiteralConvertible.swift; sourceTree = "<group>"; };
		03F8F77D1D5B75600021630C /* JSONParser.swift */ = {isa = PBXFileReference; fileEncoding = 4; lastKnownFileType = sourcecode.swift; name = JSONParser.swift; path = test_Freddy/JSONParser.swift; sourceTree = "<group>"; };
		03F8F77E1D5B75600021630C /* JSONParsing.swift */ = {isa = PBXFileReference; fileEncoding = 4; lastKnownFileType = sourcecode.swift; name = JSONParsing.swift; path = test_Freddy/JSONParsing.swift; sourceTree = "<group>"; };
		03F8F77F1D5B75600021630C /* JSONSerializing.swift */ = {isa = PBXFileReference; fileEncoding = 4; lastKnownFileType = sourcecode.swift; name = JSONSerializing.swift; path = test_Freddy/JSONSerializing.swift; sourceTree = "<group>"; };
		03F8F7801D5B75600021630C /* JSONSubscripting.swift */ = {isa = PBXFileReference; fileEncoding = 4; lastKnownFileType = sourcecode.swift; name = JSONSubscripting.swift; path = test_Freddy/JSONSubscripting.swift; sourceTree = "<group>"; };
/* End PBXFileReference section */

/* Begin PBXFrameworksBuildPhase section */
		03D84AB41D5B0A1000776402 /* Frameworks */ = {
			isa = PBXFrameworksBuildPhase;
			buildActionMask = 2147483647;
			files = (
			);
			runOnlyForDeploymentPostprocessing = 0;
		};
/* End PBXFrameworksBuildPhase section */

/* Begin PBXGroup section */
		03D84AAE1D5B0A1000776402 = {
			isa = PBXGroup;
			children = (
				03F8F7781D5B75600021630C /* JSON.swift */,
				03F8F7791D5B75600021630C /* JSONDecodable.swift */,
				03F8F77A1D5B75600021630C /* JSONEncodable.swift */,
				03F8F77B1D5B75600021630C /* JSONEncodingDetector.swift */,
				03F8F77C1D5B75600021630C /* JSONLiteralConvertible.swift */,
				03F8F77D1D5B75600021630C /* JSONParser.swift */,
				03F8F77E1D5B75600021630C /* JSONParsing.swift */,
				03F8F77F1D5B75600021630C /* JSONSerializing.swift */,
				03F8F7801D5B75600021630C /* JSONSubscripting.swift */,
				03D84AB91D5B0A1000776402 /* test_Freddy */,
				03D84AB81D5B0A1000776402 /* Products */,
			);
			sourceTree = "<group>";
		};
		03D84AB81D5B0A1000776402 /* Products */ = {
			isa = PBXGroup;
			children = (
				03D84AB71D5B0A1000776402 /* test_Freddy */,
			);
			name = Products;
			sourceTree = "<group>";
		};
		03D84AB91D5B0A1000776402 /* test_Freddy */ = {
			isa = PBXGroup;
			children = (
				03D84ABA1D5B0A1000776402 /* main.swift */,
			);
			path = test_Freddy;
			sourceTree = "<group>";
		};
/* End PBXGroup section */

/* Begin PBXNativeTarget section */
		03D84AB61D5B0A1000776402 /* test_Freddy */ = {
			isa = PBXNativeTarget;
			buildConfigurationList = 03D84ABE1D5B0A1000776402 /* Build configuration list for PBXNativeTarget "test_Freddy" */;
			buildPhases = (
				03D84AB31D5B0A1000776402 /* Sources */,
				03D84AB41D5B0A1000776402 /* Frameworks */,
				03D84AB51D5B0A1000776402 /* CopyFiles */,
			);
			buildRules = (
			);
			dependencies = (
			);
			name = test_Freddy;
			productName = test_Freddy;
			productReference = 03D84AB71D5B0A1000776402 /* test_Freddy */;
			productType = "com.apple.product-type.tool";
		};
/* End PBXNativeTarget section */

/* Begin PBXProject section */
		03D84AAF1D5B0A1000776402 /* Project object */ = {
			isa = PBXProject;
			attributes = {
				LastSwiftUpdateCheck = 0800;
				LastUpgradeCheck = 0800;
				ORGANIZATIONNAME = "Nicolas Seriot";
				TargetAttributes = {
					03D84AB61D5B0A1000776402 = {
						CreatedOnToolsVersion = 8.0;
						DevelopmentTeam = VBYRKYS73S;
						DevelopmentTeamName = "Nicolas Seriot";
						ProvisioningStyle = Automatic;
					};
				};
			};
			buildConfigurationList = 03D84AB21D5B0A1000776402 /* Build configuration list for PBXProject "test_Freddy" */;
			compatibilityVersion = "Xcode 3.2";
			developmentRegion = English;
			hasScannedForEncodings = 0;
			knownRegions = (
				en,
			);
			mainGroup = 03D84AAE1D5B0A1000776402;
			productRefGroup = 03D84AB81D5B0A1000776402 /* Products */;
			projectDirPath = "";
			projectRoot = "";
			targets = (
				03D84AB61D5B0A1000776402 /* test_Freddy */,
			);
		};
/* End PBXProject section */

/* Begin PBXSourcesBuildPhase section */
		03D84AB31D5B0A1000776402 /* Sources */ = {
			isa = PBXSourcesBuildPhase;
			buildActionMask = 2147483647;
			files = (
				03F8F7881D5B75600021630C /* JSONSerializing.swift in Sources */,
				03F8F7821D5B75600021630C /* JSONDecodable.swift in Sources */,
				03F8F7851D5B75600021630C /* JSONLiteralConvertible.swift in Sources */,
				03F8F7871D5B75600021630C /* JSONParsing.swift in Sources */,
				03F8F7861D5B75600021630C /* JSONParser.swift in Sources */,
				03F8F7831D5B75600021630C /* JSONEncodable.swift in Sources */,
				03D84ABB1D5B0A1000776402 /* main.swift in Sources */,
				03F8F7811D5B75600021630C /* JSON.swift in Sources */,
				03F8F7891D5B75600021630C /* JSONSubscripting.swift in Sources */,
				03F8F7841D5B75600021630C /* JSONEncodingDetector.swift in Sources */,
			);
			runOnlyForDeploymentPostprocessing = 0;
		};
/* End PBXSourcesBuildPhase section */

/* Begin XCBuildConfiguration section */
		03D84ABC1D5B0A1000776402 /* Debug */ = {
			isa = XCBuildConfiguration;
			buildSettings = {
				ALWAYS_SEARCH_USER_PATHS = NO;
				CLANG_ANALYZER_NONNULL = YES;
				CLANG_CXX_LANGUAGE_STANDARD = "gnu++0x";
				CLANG_CXX_LIBRARY = "libc++";
				CLANG_ENABLE_MODULES = YES;
				CLANG_ENABLE_OBJC_ARC = YES;
				CLANG_WARN_BOOL_CONVERSION = YES;
				CLANG_WARN_CONSTANT_CONVERSION = YES;
				CLANG_WARN_DIRECT_OBJC_ISA_USAGE = YES_ERROR;
				CLANG_WARN_DOCUMENTATION_COMMENTS = YES;
				CLANG_WARN_EMPTY_BODY = YES;
				CLANG_WARN_ENUM_CONVERSION = YES;
				CLANG_WARN_INT_CONVERSION = YES;
				CLANG_WARN_OBJC_ROOT_CLASS = YES_ERROR;
				CLANG_WARN_UNREACHABLE_CODE = YES;
				CLANG_WARN__DUPLICATE_METHOD_MATCH = YES;
				CODE_SIGN_IDENTITY = "-";
				COPY_PHASE_STRIP = NO;
				DEBUG_INFORMATION_FORMAT = dwarf;
				ENABLE_STRICT_OBJC_MSGSEND = YES;
				ENABLE_TESTABILITY = YES;
				GCC_C_LANGUAGE_STANDARD = gnu99;
				GCC_DYNAMIC_NO_PIC = NO;
				GCC_NO_COMMON_BLOCKS = YES;
				GCC_OPTIMIZATION_LEVEL = 0;
				GCC_PREPROCESSOR_DEFINITIONS = (
					"DEBUG=1",
					"$(inherited)",
				);
				GCC_WARN_64_TO_32_BIT_CONVERSION = YES;
				GCC_WARN_ABOUT_RETURN_TYPE = YES_ERROR;
				GCC_WARN_UNDECLARED_SELECTOR = YES;
				GCC_WARN_UNINITIALIZED_AUTOS = YES_AGGRESSIVE;
				GCC_WARN_UNUSED_FUNCTION = YES;
				GCC_WARN_UNUSED_VARIABLE = YES;
				MACOSX_DEPLOYMENT_TARGET = 10.11;
				MTL_ENABLE_DEBUG_INFO = YES;
				ONLY_ACTIVE_ARCH = YES;
				SDKROOT = macosx;
				SWIFT_OPTIMIZATION_LEVEL = "-Onone";
			};
			name = Debug;
		};
		03D84ABD1D5B0A1000776402 /* Release */ = {
			isa = XCBuildConfiguration;
			buildSettings = {
				ALWAYS_SEARCH_USER_PATHS = NO;
				CLANG_ANALYZER_NONNULL = YES;
				CLANG_CXX_LANGUAGE_STANDARD = "gnu++0x";
				CLANG_CXX_LIBRARY = "libc++";
				CLANG_ENABLE_MODULES = YES;
				CLANG_ENABLE_OBJC_ARC = YES;
				CLANG_WARN_BOOL_CONVERSION = YES;
				CLANG_WARN_CONSTANT_CONVERSION = YES;
				CLANG_WARN_DIRECT_OBJC_ISA_USAGE = YES_ERROR;
				CLANG_WARN_DOCUMENTATION_COMMENTS = YES;
				CLANG_WARN_EMPTY_BODY = YES;
				CLANG_WARN_ENUM_CONVERSION = YES;
				CLANG_WARN_INT_CONVERSION = YES;
				CLANG_WARN_OBJC_ROOT_CLASS = YES_ERROR;
				CLANG_WARN_UNREACHABLE_CODE = YES;
				CLANG_WARN__DUPLICATE_METHOD_MATCH = YES;
				CODE_SIGN_IDENTITY = "-";
				COPY_PHASE_STRIP = NO;
				DEBUG_INFORMATION_FORMAT = "dwarf-with-dsym";
				ENABLE_NS_ASSERTIONS = NO;
				ENABLE_STRICT_OBJC_MSGSEND = YES;
				GCC_C_LANGUAGE_STANDARD = gnu99;
				GCC_NO_COMMON_BLOCKS = YES;
				GCC_WARN_64_TO_32_BIT_CONVERSION = YES;
				GCC_WARN_ABOUT_RETURN_TYPE = YES_ERROR;
				GCC_WARN_UNDECLARED_SELECTOR = YES;
				GCC_WARN_UNINITIALIZED_AUTOS = YES_AGGRESSIVE;
				GCC_WARN_UNUSED_FUNCTION = YES;
				GCC_WARN_UNUSED_VARIABLE = YES;
				MACOSX_DEPLOYMENT_TARGET = 10.11;
				MTL_ENABLE_DEBUG_INFO = NO;
				SDKROOT = macosx;
			};
			name = Release;
		};
		03D84ABF1D5B0A1000776402 /* Debug */ = {
			isa = XCBuildConfiguration;
			buildSettings = {
				FRAMEWORK_SEARCH_PATHS = (
					"$(inherited)",
					"$(PROJECT_DIR)",
				);
				PRODUCT_NAME = "$(TARGET_NAME)";
				SWIFT_VERSION = 3.0;
			};
			name = Debug;
		};
		03D84AC01D5B0A1000776402 /* Release */ = {
			isa = XCBuildConfiguration;
			buildSettings = {
				FRAMEWORK_SEARCH_PATHS = (
					"$(inherited)",
					"$(PROJECT_DIR)",
				);
				PRODUCT_NAME = "$(TARGET_NAME)";
				SWIFT_VERSION = 3.0;
			};
			name = Release;
		};
/* End XCBuildConfiguration section */

/* Begin XCConfigurationList section */
		03D84AB21D5B0A1000776402 /* Build configuration list for PBXProject "test_Freddy" */ = {
			isa = XCConfigurationList;
			buildConfigurations = (
				03D84ABC1D5B0A1000776402 /* Debug */,
				03D84ABD1D5B0A1000776402 /* Release */,
			);
			defaultConfigurationIsVisible = 0;
			defaultConfigurationName = Release;
		};
		03D84ABE1D5B0A1000776402 /* Build configuration list for PBXNativeTarget "test_Freddy" */ = {
			isa = XCConfigurationList;
			buildConfigurations = (
				03D84ABF1D5B0A1000776402 /* Debug */,
				03D84AC01D5B0A1000776402 /* Release */,
			);
			defaultConfigurationIsVisible = 0;
			defaultConfigurationName = Release;
		};
/* End XCConfigurationList section */
	};
	rootObject = 03D84AAF1D5B0A1000776402 /* Project object */;
}
