// !$*UTF8*$!
{
	archiveVersion = 1;
	classes = {
	};
	objectVersion = 46;
	objects = {

/* Begin PBXBuildFile section */
		035DA2FC1DB503D100C8895E /* STJSONParser.swift in Sources */ = {isa = PBXBuildFile; fileRef = 035DA2FB1DB503D100C8895E /* STJSONParser.swift */; };
		035DA3041DB503EC00C8895E /* STJSONTests.swift in Sources */ = {isa = PBXBuildFile; fileRef = 035DA3031DB503EC00C8895E /* STJSONTests.swift */; };
		035DA3091DB5044600C8895E /* STJSONParser.swift in Sources */ = {isa = PBXBuildFile; fileRef = 035DA2FB1DB503D100C8895E /* STJSONParser.swift */; };
		03B473A41DB7D0F600345B26 /* main.swift in Sources */ = {isa = PBXBuildFile; fileRef = 035DA2F41DB503C400C8895E /* main.swift */; };
/* End PBXBuildFile section */

/* Begin PBXCopyFilesBuildPhase section */
		035DA2EF1DB503C400C8895E /* CopyFiles */ = {
			isa = PBXCopyFilesBuildPhase;
			buildActionMask = 2147483647;
			dstPath = /usr/share/man/man1/;
			dstSubfolderSpec = 0;
			files = (
			);
			runOnlyForDeploymentPostprocessing = 1;
		};
/* End PBXCopyFilesBuildPhase section */

/* Begin PBXFileReference section */
		035DA2F11DB503C400C8895E /* STJSON */ = {isa = PBXFileReference; explicitFileType = "compiled.mach-o.executable"; includeInIndex = 0; path = STJSON; sourceTree = BUILT_PRODUCTS_DIR; };
		035DA2F41DB503C400C8895E /* main.swift */ = {isa = PBXFileReference; lastKnownFileType = sourcecode.swift; path = main.swift; sourceTree = "<group>"; };
		035DA2FB1DB503D100C8895E /* STJSONParser.swift */ = {isa = PBXFileReference; fileEncoding = 4; lastKnownFileType = sourcecode.swift; path = STJSONParser.swift; sourceTree = "<group>"; };
		035DA3011DB503EC00C8895E /* STJSONTests.xctest */ = {isa = PBXFileReference; explicitFileType = wrapper.cfbundle; includeInIndex = 0; path = STJSONTests.xctest; sourceTree = BUILT_PRODUCTS_DIR; };
		035DA3031DB503EC00C8895E /* STJSONTests.swift */ = {isa = PBXFileReference; lastKnownFileType = sourcecode.swift; path = STJSONTests.swift; sourceTree = "<group>"; };
		035DA3051DB503EC00C8895E /* Info.plist */ = {isa = PBXFileReference; lastKnownFileType = text.plist.xml; path = Info.plist; sourceTree = "<group>"; };
/* End PBXFileReference section */

/* Begin PBXFrameworksBuildPhase section */
		035DA2EE1DB503C400C8895E /* Frameworks */ = {
			isa = PBXFrameworksBuildPhase;
			buildActionMask = 2147483647;
			files = (
			);
			runOnlyForDeploymentPostprocessing = 0;
		};
		035DA2FE1DB503EC00C8895E /* Frameworks */ = {
			isa = PBXFrameworksBuildPhase;
			buildActionMask = 2147483647;
			files = (
			);
			runOnlyForDeploymentPostprocessing = 0;
		};
/* End PBXFrameworksBuildPhase section */

/* Begin PBXGroup section */
		035DA2E81DB503C400C8895E = {
			isa = PBXGroup;
			children = (
				035DA2F31DB503C400C8895E /* STJSON */,
				035DA3021DB503EC00C8895E /* STJSONTests */,
				035DA2F21DB503C400C8895E /* Products */,
			);
			sourceTree = "<group>";
		};
		035DA2F21DB503C400C8895E /* Products */ = {
			isa = PBXGroup;
			children = (
				035DA2F11DB503C400C8895E /* STJSON */,
				035DA3011DB503EC00C8895E /* STJSONTests.xctest */,
			);
			name = Products;
			sourceTree = "<group>";
		};
		035DA2F31DB503C400C8895E /* STJSON */ = {
			isa = PBXGroup;
			children = (
				035DA2FB1DB503D100C8895E /* STJSONParser.swift */,
				035DA2F41DB503C400C8895E /* main.swift */,
			);
			path = STJSON;
			sourceTree = "<group>";
		};
		035DA3021DB503EC00C8895E /* STJSONTests */ = {
			isa = PBXGroup;
			children = (
				035DA3031DB503EC00C8895E /* STJSONTests.swift */,
				035DA3051DB503EC00C8895E /* Info.plist */,
			);
			path = STJSONTests;
			sourceTree = "<group>";
		};
/* End PBXGroup section */

/* Begin PBXNativeTarget section */
		035DA2F01DB503C400C8895E /* STJSON */ = {
			isa = PBXNativeTarget;
			buildConfigurationList = 035DA2F81DB503C400C8895E /* Build configuration list for PBXNativeTarget "STJSON" */;
			buildPhases = (
				035DA2ED1DB503C400C8895E /* Sources */,
				035DA2EE1DB503C400C8895E /* Frameworks */,
				035DA2EF1DB503C400C8895E /* CopyFiles */,
			);
			buildRules = (
			);
			dependencies = (
			);
			name = STJSON;
			productName = STJSON;
			productReference = 035DA2F11DB503C400C8895E /* STJSON */;
			productType = "com.apple.product-type.tool";
		};
		035DA3001DB503EC00C8895E /* STJSONTests */ = {
			isa = PBXNativeTarget;
			buildConfigurationList = 035DA3061DB503EC00C8895E /* Build configuration list for PBXNativeTarget "STJSONTests" */;
			buildPhases = (
				035DA2FD1DB503EC00C8895E /* Sources */,
				035DA2FE1DB503EC00C8895E /* Frameworks */,
				035DA2FF1DB503EC00C8895E /* Resources */,
			);
			buildRules = (
			);
			dependencies = (
			);
			name = STJSONTests;
			productName = STJSONTests;
			productReference = 035DA3011DB503EC00C8895E /* STJSONTests.xctest */;
			productType = "com.apple.product-type.bundle.unit-test";
		};
/* End PBXNativeTarget section */

/* Begin PBXProject section */
		035DA2E91DB503C400C8895E /* Project object */ = {
			isa = PBXProject;
			attributes = {
				LastSwiftUpdateCheck = 0810;
				LastUpgradeCheck = 0810;
				ORGANIZATIONNAME = ch.seriot;
				TargetAttributes = {
					035DA2F01DB503C400C8895E = {
						CreatedOnToolsVersion = 8.1;
						ProvisioningStyle = Automatic;
					};
					035DA3001DB503EC00C8895E = {
						CreatedOnToolsVersion = 8.1;
						ProvisioningStyle = Automatic;
					};
				};
			};
			buildConfigurationList = 035DA2EC1DB503C400C8895E /* Build configuration list for PBXProject "STJSON" */;
			compatibilityVersion = "Xcode 3.2";
			developmentRegion = English;
			hasScannedForEncodings = 0;
			knownRegions = (
				en,
			);
			mainGroup = 035DA2E81DB503C400C8895E;
			productRefGroup = 035DA2F21DB503C400C8895E /* Products */;
			projectDirPath = "";
			projectRoot = "";
			targets = (
				035DA2F01DB503C400C8895E /* STJSON */,
				035DA3001DB503EC00C8895E /* STJSONTests */,
			);
		};
/* End PBXProject section */

/* Begin PBXResourcesBuildPhase section */
		035DA2FF1DB503EC00C8895E /* Resources */ = {
			isa = PBXResourcesBuildPhase;
			buildActionMask = 2147483647;
			files = (
			);
			runOnlyForDeploymentPostprocessing = 0;
		};
/* End PBXResourcesBuildPhase section */

/* Begin PBXSourcesBuildPhase section */
		035DA2ED1DB503C400C8895E /* Sources */ = {
			isa = PBXSourcesBuildPhase;
			buildActionMask = 2147483647;
			files = (
				03B473A41DB7D0F600345B26 /* main.swift in Sources */,
				035DA2FC1DB503D100C8895E /* STJSONParser.swift in Sources */,
			);
			runOnlyForDeploymentPostprocessing = 0;
		};
		035DA2FD1DB503EC00C8895E /* Sources */ = {
			isa = PBXSourcesBuildPhase;
			buildActionMask = 2147483647;
			files = (
				035DA3041DB503EC00C8895E /* STJSONTests.swift in Sources */,
				035DA3091DB5044600C8895E /* STJSONParser.swift in Sources */,
			);
			runOnlyForDeploymentPostprocessing = 0;
		};
/* End PBXSourcesBuildPhase section */

/* Begin XCBuildConfiguration section */
		035DA2F61DB503C400C8895E /* Debug */ = {
			isa = XCBuildConfiguration;
			buildSettings = {
				ALWAYS_SEARCH_USER_PATHS = NO;
				CLANG_ANALYZER_NONNULL = YES;
				CLANG_CXX_LANGUAGE_STANDARD = "gnu++0x";
				CLANG_CXX_LIBRARY = "libc++";
				CLANG_ENABLE_MODULES = YES;
				CLANG_ENABLE_OBJC_ARC = YES;
				CLANG_WARN_BOOL_CONVERSION = YES;
				CLANG_WARN_CONSTANT_CONVERSION = YES;
				CLANG_WARN_DIRECT_OBJC_ISA_USAGE = YES_ERROR;
				CLANG_WARN_DOCUMENTATION_COMMENTS = YES;
				CLANG_WARN_EMPTY_BODY = YES;
				CLANG_WARN_ENUM_CONVERSION = YES;
				CLANG_WARN_INFINITE_RECURSION = YES;
				CLANG_WARN_INT_CONVERSION = YES;
				CLANG_WARN_OBJC_ROOT_CLASS = YES_ERROR;
				CLANG_WARN_SUSPICIOUS_MOVES = YES;
				CLANG_WARN_UNREACHABLE_CODE = YES;
				CLANG_WARN__DUPLICATE_METHOD_MATCH = YES;
				CODE_SIGN_IDENTITY = "-";
				COPY_PHASE_STRIP = NO;
				DEBUG_INFORMATION_FORMAT = dwarf;
				ENABLE_STRICT_OBJC_MSGSEND = YES;
				ENABLE_TESTABILITY = YES;
				GCC_C_LANGUAGE_STANDARD = gnu99;
				GCC_DYNAMIC_NO_PIC = NO;
				GCC_NO_COMMON_BLOCKS = YES;
				GCC_OPTIMIZATION_LEVEL = 0;
				GCC_PREPROCESSOR_DEFINITIONS = (
					"DEBUG=1",
					"$(inherited)",
				);
				GCC_WARN_64_TO_32_BIT_CONVERSION = YES;
				GCC_WARN_ABOUT_RETURN_TYPE = YES_ERROR;
				GCC_WARN_UNDECLARED_SELECTOR = YES;
				GCC_WARN_UNINITIALIZED_AUTOS = YES_AGGRESSIVE;
				GCC_WARN_UNUSED_FUNCTION = YES;
				GCC_WARN_UNUSED_VARIABLE = YES;
				MACOSX_DEPLOYMENT_TARGET = 10.12;
				MTL_ENABLE_DEBUG_INFO = YES;
				ONLY_ACTIVE_ARCH = YES;
				SDKROOT = macosx;
				SWIFT_OPTIMIZATION_LEVEL = "-Onone";
			};
			name = Debug;
		};
		035DA2F71DB503C400C8895E /* Release */ = {
			isa = XCBuildConfiguration;
			buildSettings = {
				ALWAYS_SEARCH_USER_PATHS = NO;
				CLANG_ANALYZER_NONNULL = YES;
				CLANG_CXX_LANGUAGE_STANDARD = "gnu++0x";
				CLANG_CXX_LIBRARY = "libc++";
				CLANG_ENABLE_MODULES = YES;
				CLANG_ENABLE_OBJC_ARC = YES;
				CLANG_WARN_BOOL_CONVERSION = YES;
				CLANG_WARN_CONSTANT_CONVERSION = YES;
				CLANG_WARN_DIRECT_OBJC_ISA_USAGE = YES_ERROR;
				CLANG_WARN_DOCUMENTATION_COMMENTS = YES;
				CLANG_WARN_EMPTY_BODY = YES;
				CLANG_WARN_ENUM_CONVERSION = YES;
				CLANG_WARN_INFINITE_RECURSION = YES;
				CLANG_WARN_INT_CONVERSION = YES;
				CLANG_WARN_OBJC_ROOT_CLASS = YES_ERROR;
				CLANG_WARN_SUSPICIOUS_MOVES = YES;
				CLANG_WARN_UNREACHABLE_CODE = YES;
				CLANG_WARN__DUPLICATE_METHOD_MATCH = YES;
				CODE_SIGN_IDENTITY = "-";
				COPY_PHASE_STRIP = NO;
				DEBUG_INFORMATION_FORMAT = "dwarf-with-dsym";
				ENABLE_NS_ASSERTIONS = NO;
				ENABLE_STRICT_OBJC_MSGSEND = YES;
				GCC_C_LANGUAGE_STANDARD = gnu99;
				GCC_NO_COMMON_BLOCKS = YES;
				GCC_WARN_64_TO_32_BIT_CONVERSION = YES;
				GCC_WARN_ABOUT_RETURN_TYPE = YES_ERROR;
				GCC_WARN_UNDECLARED_SELECTOR = YES;
				GCC_WARN_UNINITIALIZED_AUTOS = YES_AGGRESSIVE;
				GCC_WARN_UNUSED_FUNCTION = YES;
				GCC_WARN_UNUSED_VARIABLE = YES;
				MACOSX_DEPLOYMENT_TARGET = 10.12;
				MTL_ENABLE_DEBUG_INFO = NO;
				SDKROOT = macosx;
			};
			name = Release;
		};
		035DA2F91DB503C400C8895E /* Debug */ = {
			isa = XCBuildConfiguration;
			buildSettings = {
				PRODUCT_NAME = "$(TARGET_NAME)";
				SWIFT_VERSION = 3.0;
			};
			name = Debug;
		};
		035DA2FA1DB503C400C8895E /* Release */ = {
			isa = XCBuildConfiguration;
			buildSettings = {
				PRODUCT_NAME = "$(TARGET_NAME)";
				SWIFT_VERSION = 3.0;
			};
			name = Release;
		};
		035DA3071DB503EC00C8895E /* Debug */ = {
			isa = XCBuildConfiguration;
			buildSettings = {
				COMBINE_HIDPI_IMAGES = YES;
				INFOPLIST_FILE = STJSONTests/Info.plist;
				LD_RUNPATH_SEARCH_PATHS = "$(inherited) @executable_path/../Frameworks @loader_path/../Frameworks";
				PRODUCT_BUNDLE_IDENTIFIER = ch.seriot.STJSONTests;
				PRODUCT_NAME = "$(TARGET_NAME)";
				SWIFT_ACTIVE_COMPILATION_CONDITIONS = DEBUG;
				SWIFT_VERSION = 3.0;
			};
			name = Debug;
		};
		035DA3081DB503EC00C8895E /* Release */ = {
			isa = XCBuildConfiguration;
			buildSettings = {
				COMBINE_HIDPI_IMAGES = YES;
				INFOPLIST_FILE = STJSONTests/Info.plist;
				LD_RUNPATH_SEARCH_PATHS = "$(inherited) @executable_path/../Frameworks @loader_path/../Frameworks";
				PRODUCT_BUNDLE_IDENTIFIER = ch.seriot.STJSONTests;
				PRODUCT_NAME = "$(TARGET_NAME)";
				SWIFT_OPTIMIZATION_LEVEL = "-Owholemodule";
				SWIFT_VERSION = 3.0;
			};
			name = Release;
		};
/* End XCBuildConfiguration section */

/* Begin XCConfigurationList section */
		035DA2EC1DB503C400C8895E /* Build configuration list for PBXProject "STJSON" */ = {
			isa = XCConfigurationList;
			buildConfigurations = (
				035DA2F61DB503C400C8895E /* Debug */,
				035DA2F71DB503C400C8895E /* Release */,
			);
			defaultConfigurationIsVisible = 0;
			defaultConfigurationName = Release;
		};
		035DA2F81DB503C400C8895E /* Build configuration list for PBXNativeTarget "STJSON" */ = {
			isa = XCConfigurationList;
			buildConfigurations = (
				035DA2F91DB503C400C8895E /* Debug */,
				035DA2FA1DB503C400C8895E /* Release */,
			);
			defaultConfigurationIsVisible = 0;
			defaultConfigurationName = Release;
		};
		035DA3061DB503EC00C8895E /* Build configuration list for PBXNativeTarget "STJSONTests" */ = {
			isa = XCConfigurationList;
			buildConfigurations = (
				035DA3071DB503EC00C8895E /* Debug */,
				035DA3081DB503EC00C8895E /* Release */,
			);
			defaultConfigurationIsVisible = 0;
			defaultConfigurationName = Release;
		};
/* End XCConfigurationList section */
	};
	rootObject = 035DA2E91DB503C400C8895E /* Project object */;
}
