// !$*UTF8*$!
{
	archiveVersion = 1;
	classes = {
	};
	objectVersion = 46;
	objects = {

/* Begin PBXBuildFile section */
		0388E0421D57F15D00BA0899 /* main.m in Sources */ = {isa = PBXBuildFile; fileRef = 0388E0411D57F15D00BA0899 /* main.m */; };
		0388E04A1D57F16400BA0899 /* JSONKit.m in Sources */ = {isa = PBXBuildFile; fileRef = 0388E0491D57F16400BA0899 /* JSONKit.m */; settings = {COMPILER_FLAGS = "-fno-objc-arc"; }; };
/* End PBXBuildFile section */

/* Begin PBXCopyFilesBuildPhase section */
		0388E03C1D57F15D00BA0899 /* CopyFiles */ = {
			isa = PBXCopyFilesBuildPhase;
			buildActionMask = 2147483647;
			dstPath = /usr/share/man/man1/;
			dstSubfolderSpec = 0;
			files = (
			);
			runOnlyForDeploymentPostprocessing = 1;
		};
/* End PBXCopyFilesBuildPhase section */

/* Begin PBXFileReference section */
		0388E03E1D57F15D00BA0899 /* test-JSONKit */ = {isa = PBXFileReference; explicitFileType = "compiled.mach-o.executable"; includeInIndex = 0; path = "test-JSONKit"; sourceTree = BUILT_PRODUCTS_DIR; };
		0388E0411D57F15D00BA0899 /* main.m */ = {isa = PBXFileReference; lastKnownFileType = sourcecode.c.objc; path = main.m; sourceTree = "<group>"; };
		0388E0481D57F16400BA0899 /* JSONKit.h */ = {isa = PBXFileReference; fileEncoding = 4; lastKnownFileType = sourcecode.c.h; path = JSONKit.h; sourceTree = "<group>"; };
		0388E0491D57F16400BA0899 /* JSONKit.m */ = {isa = PBXFileReference; fileEncoding = 4; lastKnownFileType = sourcecode.c.objc; path = JSONKit.m; sourceTree = "<group>"; };
/* End PBXFileReference section */

/* Begin PBXFrameworksBuildPhase section */
		0388E03B1D57F15D00BA0899 /* Frameworks */ = {
			isa = PBXFrameworksBuildPhase;
			buildActionMask = 2147483647;
			files = (
			);
			runOnlyForDeploymentPostprocessing = 0;
		};
/* End PBXFrameworksBuildPhase section */

/* Begin PBXGroup section */
		0388E0351D57F15D00BA0899 = {
			isa = PBXGroup;
			children = (
				0388E0481D57F16400BA0899 /* JSONKit.h */,
				0388E0491D57F16400BA0899 /* JSONKit.m */,
				0388E0401D57F15D00BA0899 /* test-JSONKit */,
				0388E03F1D57F15D00BA0899 /* Products */,
			);
			sourceTree = "<group>";
		};
		0388E03F1D57F15D00BA0899 /* Products */ = {
			isa = PBXGroup;
			children = (
				0388E03E1D57F15D00BA0899 /* test-JSONKit */,
			);
			name = Products;
			sourceTree = "<group>";
		};
		0388E0401D57F15D00BA0899 /* test-JSONKit */ = {
			isa = PBXGroup;
			children = (
				0388E0411D57F15D00BA0899 /* main.m */,
			);
			path = "test-JSONKit";
			sourceTree = "<group>";
		};
/* End PBXGroup section */

/* Begin PBXNativeTarget section */
		0388E03D1D57F15D00BA0899 /* test-JSONKit */ = {
			isa = PBXNativeTarget;
			buildConfigurationList = 0388E0451D57F15D00BA0899 /* Build configuration list for PBXNativeTarget "test-JSONKit" */;
			buildPhases = (
				0388E03A1D57F15D00BA0899 /* Sources */,
				0388E03B1D57F15D00BA0899 /* Frameworks */,
				0388E03C1D57F15D00BA0899 /* CopyFiles */,
			);
			buildRules = (
			);
			dependencies = (
			);
			name = "test-JSONKit";
			productName = "test-JSONKit";
			productReference = 0388E03E1D57F15D00BA0899 /* test-JSONKit */;
			productType = "com.apple.product-type.tool";
		};
/* End PBXNativeTarget section */

/* Begin PBXProject section */
		0388E0361D57F15D00BA0899 /* Project object */ = {
			isa = PBXProject;
			attributes = {
				LastUpgradeCheck = 0730;
				ORGANIZATIONNAME = "Nicolas Seriot";
				TargetAttributes = {
					0388E03D1D57F15D00BA0899 = {
						CreatedOnToolsVersion = 7.3;
					};
				};
			};
			buildConfigurationList = 0388E0391D57F15D00BA0899 /* Build configuration list for PBXProject "test-JSONKit" */;
			compatibilityVersion = "Xcode 3.2";
			developmentRegion = English;
			hasScannedForEncodings = 0;
			knownRegions = (
				en,
			);
			mainGroup = 0388E0351D57F15D00BA0899;
			productRefGroup = 0388E03F1D57F15D00BA0899 /* Products */;
			projectDirPath = "";
			projectRoot = "";
			targets = (
				0388E03D1D57F15D00BA0899 /* test-JSONKit */,
			);
		};
/* End PBXProject section */

/* Begin PBXSourcesBuildPhase section */
		0388E03A1D57F15D00BA0899 /* Sources */ = {
			isa = PBXSourcesBuildPhase;
			buildActionMask = 2147483647;
			files = (
				0388E04A1D57F16400BA0899 /* JSONKit.m in Sources */,
				0388E0421D57F15D00BA0899 /* main.m in Sources */,
			);
			runOnlyForDeploymentPostprocessing = 0;
		};
/* End PBXSourcesBuildPhase section */

/* Begin XCBuildConfiguration section */
		0388E0431D57F15D00BA0899 /* Debug */ = {
			isa = XCBuildConfiguration;
			buildSettings = {
				ALWAYS_SEARCH_USER_PATHS = NO;
				CLANG_ANALYZER_NONNULL = YES;
				CLANG_CXX_LANGUAGE_STANDARD = "gnu++0x";
				CLANG_CXX_LIBRARY = "libc++";
				CLANG_ENABLE_MODULES = YES;
				CLANG_ENABLE_OBJC_ARC = YES;
				CLANG_WARN_BOOL_CONVERSION = YES;
				CLANG_WARN_CONSTANT_CONVERSION = YES;
				CLANG_WARN_DIRECT_OBJC_ISA_USAGE = YES_ERROR;
				CLANG_WARN_EMPTY_BODY = YES;
				CLANG_WARN_ENUM_CONVERSION = YES;
				CLANG_WARN_INT_CONVERSION = YES;
				CLANG_WARN_OBJC_ROOT_CLASS = YES_ERROR;
				CLANG_WARN_UNREACHABLE_CODE = YES;
				CLANG_WARN__DUPLICATE_METHOD_MATCH = YES;
				CODE_SIGN_IDENTITY = "-";
				COPY_PHASE_STRIP = NO;
				DEBUG_INFORMATION_FORMAT = dwarf;
				ENABLE_STRICT_OBJC_MSGSEND = YES;
				ENABLE_TESTABILITY = YES;
				GCC_C_LANGUAGE_STANDARD = gnu99;
				GCC_DYNAMIC_NO_PIC = NO;
				GCC_NO_COMMON_BLOCKS = YES;
				GCC_OPTIMIZATION_LEVEL = 0;
				GCC_PREPROCESSOR_DEFINITIONS = (
					"DEBUG=1",
					"$(inherited)",
				);
				GCC_WARN_64_TO_32_BIT_CONVERSION = YES;
				GCC_WARN_ABOUT_RETURN_TYPE = YES_ERROR;
				GCC_WARN_UNDECLARED_SELECTOR = YES;
				GCC_WARN_UNINITIALIZED_AUTOS = YES_AGGRESSIVE;
				GCC_WARN_UNUSED_FUNCTION = YES;
				GCC_WARN_UNUSED_VARIABLE = YES;
				MACOSX_DEPLOYMENT_TARGET = 10.11;
				MTL_ENABLE_DEBUG_INFO = YES;
				ONLY_ACTIVE_ARCH = YES;
				SDKROOT = macosx;
			};
			name = Debug;
		};
		0388E0441D57F15D00BA0899 /* Release */ = {
			isa = XCBuildConfiguration;
			buildSettings = {
				ALWAYS_SEARCH_USER_PATHS = NO;
				CLANG_ANALYZER_NONNULL = YES;
				CLANG_CXX_LANGUAGE_STANDARD = "gnu++0x";
				CLANG_CXX_LIBRARY = "libc++";
				CLANG_ENABLE_MODULES = YES;
				CLANG_ENABLE_OBJC_ARC = YES;
				CLANG_WARN_BOOL_CONVERSION = YES;
				CLANG_WARN_CONSTANT_CONVERSION = YES;
				CLANG_WARN_DIRECT_OBJC_ISA_USAGE = YES_ERROR;
				CLANG_WARN_EMPTY_BODY = YES;
				CLANG_WARN_ENUM_CONVERSION = YES;
				CLANG_WARN_INT_CONVERSION = YES;
				CLANG_WARN_OBJC_ROOT_CLASS = YES_ERROR;
				CLANG_WARN_UNREACHABLE_CODE = YES;
				CLANG_WARN__DUPLICATE_METHOD_MATCH = YES;
				CODE_SIGN_IDENTITY = "-";
				COPY_PHASE_STRIP = NO;
				DEBUG_INFORMATION_FORMAT = "dwarf-with-dsym";
				ENABLE_NS_ASSERTIONS = NO;
				ENABLE_STRICT_OBJC_MSGSEND = YES;
				GCC_C_LANGUAGE_STANDARD = gnu99;
				GCC_NO_COMMON_BLOCKS = YES;
				GCC_WARN_64_TO_32_BIT_CONVERSION = YES;
				GCC_WARN_ABOUT_RETURN_TYPE = YES_ERROR;
				GCC_WARN_UNDECLARED_SELECTOR = YES;
				GCC_WARN_UNINITIALIZED_AUTOS = YES_AGGRESSIVE;
				GCC_WARN_UNUSED_FUNCTION = YES;
				GCC_WARN_UNUSED_VARIABLE = YES;
				MACOSX_DEPLOYMENT_TARGET = 10.11;
				MTL_ENABLE_DEBUG_INFO = NO;
				SDKROOT = macosx;
			};
			name = Release;
		};
		0388E0461D57F15D00BA0899 /* Debug */ = {
			isa = XCBuildConfiguration;
			buildSettings = {
				PRODUCT_NAME = "$(TARGET_NAME)";
			};
			name = Debug;
		};
		0388E0471D57F15D00BA0899 /* Release */ = {
			isa = XCBuildConfiguration;
			buildSettings = {
				PRODUCT_NAME = "$(TARGET_NAME)";
			};
			name = Release;
		};
/* End XCBuildConfiguration section */

/* Begin XCConfigurationList section */
		0388E0391D57F15D00BA0899 /* Build configuration list for PBXProject "test-JSONKit" */ = {
			isa = XCConfigurationList;
			buildConfigurations = (
				0388E0431D57F15D00BA0899 /* Debug */,
				0388E0441D57F15D00BA0899 /* Release */,
			);
			defaultConfigurationIsVisible = 0;
			defaultConfigurationName = Release;
		};
		0388E0451D57F15D00BA0899 /* Build configuration list for PBXNativeTarget "test-JSONKit" */ = {
			isa = XCConfigurationList;
			buildConfigurations = (
				0388E0461D57F15D00BA0899 /* Debug */,
				0388E0471D57F15D00BA0899 /* Release */,
			);
			defaultConfigurationIsVisible = 0;
		};
/* End XCConfigurationList section */
	};
	rootObject = 0388E0361D57F15D00BA0899 /* Project object */;
}
