[root]
name = "tj"
version = "0.1.0"
dependencies = [
 "json 0.10.2 (registry+https://github.com/rust-lang/crates.io-index)",
]

[[package]]
name = "json"
version = "0.10.2"
source = "registry+https://github.com/rust-lang/crates.io-index"

[metadata]
"checksum json 0.10.2 (registry+https://github.com/rust-lang/crates.io-index)" = "772d39b38286c6ebeb2c0412a8d03afd81c3c3ba0046571b9ce9c2ef64475698"
