// !$*UTF8*$!
{
	archiveVersion = 1;
	classes = {
	};
	objectVersion = 46;
	objects = {

/* Begin PBXBuildFile section */
		03B1DD541D56886E00FEDE27 /* main.c in Sources */ = {isa = PBXBuildFile; fileRef = 03B1DD531D56886E00FEDE27 /* main.c */; };
		03B1DD6B1D56887A00FEDE27 /* dump.c in Sources */ = {isa = PBXBuildFile; fileRef = 03B1DD5A1D56887A00FEDE27 /* dump.c */; };
		03B1DD6C1D56887A00FEDE27 /* error.c in Sources */ = {isa = PBXBuildFile; fileRef = 03B1DD5B1D56887A00FEDE27 /* error.c */; };
		03B1DD6D1D56887A00FEDE27 /* hashtable_seed.c in Sources */ = {isa = PBXBuildFile; fileRef = 03B1DD5C1D56887A00FEDE27 /* hashtable_seed.c */; };
		03B1DD6E1D56887A00FEDE27 /* hashtable.c in Sources */ = {isa = PBXBuildFile; fileRef = 03B1DD5D1D56887A00FEDE27 /* hashtable.c */; };
		03B1DD6F1D56887A00FEDE27 /* load.c in Sources */ = {isa = PBXBuildFile; fileRef = 03B1DD611D56887A00FEDE27 /* load.c */; };
		03B1DD701D56887A00FEDE27 /* memory.c in Sources */ = {isa = PBXBuildFile; fileRef = 03B1DD631D56887A00FEDE27 /* memory.c */; };
		03B1DD711D56887A00FEDE27 /* pack_unpack.c in Sources */ = {isa = PBXBuildFile; fileRef = 03B1DD641D56887A00FEDE27 /* pack_unpack.c */; };
		03B1DD721D56887A00FEDE27 /* strbuffer.c in Sources */ = {isa = PBXBuildFile; fileRef = 03B1DD651D56887A00FEDE27 /* strbuffer.c */; };
		03B1DD731D56887A00FEDE27 /* strconv.c in Sources */ = {isa = PBXBuildFile; fileRef = 03B1DD671D56887A00FEDE27 /* strconv.c */; };
		03B1DD741D56887A00FEDE27 /* utf.c in Sources */ = {isa = PBXBuildFile; fileRef = 03B1DD681D56887A00FEDE27 /* utf.c */; };
		03B1DD751D56887A00FEDE27 /* value.c in Sources */ = {isa = PBXBuildFile; fileRef = 03B1DD6A1D56887A00FEDE27 /* value.c */; };
/* End PBXBuildFile section */

/* Begin PBXCopyFilesBuildPhase section */
		03B1DD4E1D56886E00FEDE27 /* CopyFiles */ = {
			isa = PBXCopyFilesBuildPhase;
			buildActionMask = 2147483647;
			dstPath = /usr/share/man/man1/;
			dstSubfolderSpec = 0;
			files = (
			);
			runOnlyForDeploymentPostprocessing = 1;
		};
/* End PBXCopyFilesBuildPhase section */

/* Begin PBXFileReference section */
		03B1DD501D56886E00FEDE27 /* test_jansson */ = {isa = PBXFileReference; explicitFileType = "compiled.mach-o.executable"; includeInIndex = 0; path = test_jansson; sourceTree = BUILT_PRODUCTS_DIR; };
		03B1DD531D56886E00FEDE27 /* main.c */ = {isa = PBXFileReference; lastKnownFileType = sourcecode.c.c; path = main.c; sourceTree = "<group>"; };
		03B1DD5A1D56887A00FEDE27 /* dump.c */ = {isa = PBXFileReference; fileEncoding = 4; lastKnownFileType = sourcecode.c.c; path = dump.c; sourceTree = "<group>"; };
		03B1DD5B1D56887A00FEDE27 /* error.c */ = {isa = PBXFileReference; fileEncoding = 4; lastKnownFileType = sourcecode.c.c; path = error.c; sourceTree = "<group>"; };
		03B1DD5C1D56887A00FEDE27 /* hashtable_seed.c */ = {isa = PBXFileReference; fileEncoding = 4; lastKnownFileType = sourcecode.c.c; path = hashtable_seed.c; sourceTree = "<group>"; };
		03B1DD5D1D56887A00FEDE27 /* hashtable.c */ = {isa = PBXFileReference; fileEncoding = 4; lastKnownFileType = sourcecode.c.c; path = hashtable.c; sourceTree = "<group>"; };
		03B1DD5E1D56887A00FEDE27 /* hashtable.h */ = {isa = PBXFileReference; fileEncoding = 4; lastKnownFileType = sourcecode.c.h; path = hashtable.h; sourceTree = "<group>"; };
		03B1DD5F1D56887A00FEDE27 /* jansson_private.h */ = {isa = PBXFileReference; fileEncoding = 4; lastKnownFileType = sourcecode.c.h; path = jansson_private.h; sourceTree = "<group>"; };
		03B1DD601D56887A00FEDE27 /* jansson.h */ = {isa = PBXFileReference; fileEncoding = 4; lastKnownFileType = sourcecode.c.h; path = jansson.h; sourceTree = "<group>"; };
		03B1DD611D56887A00FEDE27 /* load.c */ = {isa = PBXFileReference; fileEncoding = 4; lastKnownFileType = sourcecode.c.c; path = load.c; sourceTree = "<group>"; };
		03B1DD621D56887A00FEDE27 /* lookup3.h */ = {isa = PBXFileReference; fileEncoding = 4; lastKnownFileType = sourcecode.c.h; path = lookup3.h; sourceTree = "<group>"; };
		03B1DD631D56887A00FEDE27 /* memory.c */ = {isa = PBXFileReference; fileEncoding = 4; lastKnownFileType = sourcecode.c.c; path = memory.c; sourceTree = "<group>"; };
		03B1DD641D56887A00FEDE27 /* pack_unpack.c */ = {isa = PBXFileReference; fileEncoding = 4; lastKnownFileType = sourcecode.c.c; path = pack_unpack.c; sourceTree = "<group>"; };
		03B1DD651D56887A00FEDE27 /* strbuffer.c */ = {isa = PBXFileReference; fileEncoding = 4; lastKnownFileType = sourcecode.c.c; path = strbuffer.c; sourceTree = "<group>"; };
		03B1DD661D56887A00FEDE27 /* strbuffer.h */ = {isa = PBXFileReference; fileEncoding = 4; lastKnownFileType = sourcecode.c.h; path = strbuffer.h; sourceTree = "<group>"; };
		03B1DD671D56887A00FEDE27 /* strconv.c */ = {isa = PBXFileReference; fileEncoding = 4; lastKnownFileType = sourcecode.c.c; path = strconv.c; sourceTree = "<group>"; };
		03B1DD681D56887A00FEDE27 /* utf.c */ = {isa = PBXFileReference; fileEncoding = 4; lastKnownFileType = sourcecode.c.c; path = utf.c; sourceTree = "<group>"; };
		03B1DD691D56887A00FEDE27 /* utf.h */ = {isa = PBXFileReference; fileEncoding = 4; lastKnownFileType = sourcecode.c.h; path = utf.h; sourceTree = "<group>"; };
		03B1DD6A1D56887A00FEDE27 /* value.c */ = {isa = PBXFileReference; fileEncoding = 4; lastKnownFileType = sourcecode.c.c; path = value.c; sourceTree = "<group>"; };
		03B1DD761D56889200FEDE27 /* jansson_config.h */ = {isa = PBXFileReference; lastKnownFileType = sourcecode.c.h; path = jansson_config.h; sourceTree = "<group>"; };
/* End PBXFileReference section */

/* Begin PBXFrameworksBuildPhase section */
		03B1DD4D1D56886E00FEDE27 /* Frameworks */ = {
			isa = PBXFrameworksBuildPhase;
			buildActionMask = 2147483647;
			files = (
			);
			runOnlyForDeploymentPostprocessing = 0;
		};
/* End PBXFrameworksBuildPhase section */

/* Begin PBXGroup section */
		03B1DD471D56886E00FEDE27 = {
			isa = PBXGroup;
			children = (
				03B1DD761D56889200FEDE27 /* jansson_config.h */,
				03B1DD5A1D56887A00FEDE27 /* dump.c */,
				03B1DD5B1D56887A00FEDE27 /* error.c */,
				03B1DD5C1D56887A00FEDE27 /* hashtable_seed.c */,
				03B1DD5D1D56887A00FEDE27 /* hashtable.c */,
				03B1DD5E1D56887A00FEDE27 /* hashtable.h */,
				03B1DD5F1D56887A00FEDE27 /* jansson_private.h */,
				03B1DD601D56887A00FEDE27 /* jansson.h */,
				03B1DD611D56887A00FEDE27 /* load.c */,
				03B1DD621D56887A00FEDE27 /* lookup3.h */,
				03B1DD631D56887A00FEDE27 /* memory.c */,
				03B1DD641D56887A00FEDE27 /* pack_unpack.c */,
				03B1DD651D56887A00FEDE27 /* strbuffer.c */,
				03B1DD661D56887A00FEDE27 /* strbuffer.h */,
				03B1DD671D56887A00FEDE27 /* strconv.c */,
				03B1DD681D56887A00FEDE27 /* utf.c */,
				03B1DD691D56887A00FEDE27 /* utf.h */,
				03B1DD6A1D56887A00FEDE27 /* value.c */,
				03B1DD521D56886E00FEDE27 /* test_jansson */,
				03B1DD511D56886E00FEDE27 /* Products */,
			);
			sourceTree = "<group>";
		};
		03B1DD511D56886E00FEDE27 /* Products */ = {
			isa = PBXGroup;
			children = (
				03B1DD501D56886E00FEDE27 /* test_jansson */,
			);
			name = Products;
			sourceTree = "<group>";
		};
		03B1DD521D56886E00FEDE27 /* test_jansson */ = {
			isa = PBXGroup;
			children = (
				03B1DD531D56886E00FEDE27 /* main.c */,
			);
			path = test_jansson;
			sourceTree = "<group>";
		};
/* End PBXGroup section */

/* Begin PBXNativeTarget section */
		03B1DD4F1D56886E00FEDE27 /* test_jansson */ = {
			isa = PBXNativeTarget;
			buildConfigurationList = 03B1DD571D56886E00FEDE27 /* Build configuration list for PBXNativeTarget "test_jansson" */;
			buildPhases = (
				03B1DD4C1D56886E00FEDE27 /* Sources */,
				03B1DD4D1D56886E00FEDE27 /* Frameworks */,
				03B1DD4E1D56886E00FEDE27 /* CopyFiles */,
			);
			buildRules = (
			);
			dependencies = (
			);
			name = test_jansson;
			productName = test_jansson;
			productReference = 03B1DD501D56886E00FEDE27 /* test_jansson */;
			productType = "com.apple.product-type.tool";
		};
/* End PBXNativeTarget section */

/* Begin PBXProject section */
		03B1DD481D56886E00FEDE27 /* Project object */ = {
			isa = PBXProject;
			attributes = {
				LastUpgradeCheck = 0800;
				ORGANIZATIONNAME = "Nicolas Seriot";
				TargetAttributes = {
					03B1DD4F1D56886E00FEDE27 = {
						CreatedOnToolsVersion = 8.0;
						DevelopmentTeam = VBYRKYS73S;
						DevelopmentTeamName = "Nicolas Seriot";
						ProvisioningStyle = Automatic;
					};
				};
			};
			buildConfigurationList = 03B1DD4B1D56886E00FEDE27 /* Build configuration list for PBXProject "test_jansson" */;
			compatibilityVersion = "Xcode 3.2";
			developmentRegion = English;
			hasScannedForEncodings = 0;
			knownRegions = (
				en,
			);
			mainGroup = 03B1DD471D56886E00FEDE27;
			productRefGroup = 03B1DD511D56886E00FEDE27 /* Products */;
			projectDirPath = "";
			projectRoot = "";
			targets = (
				03B1DD4F1D56886E00FEDE27 /* test_jansson */,
			);
		};
/* End PBXProject section */

/* Begin PBXSourcesBuildPhase section */
		03B1DD4C1D56886E00FEDE27 /* Sources */ = {
			isa = PBXSourcesBuildPhase;
			buildActionMask = 2147483647;
			files = (
				03B1DD741D56887A00FEDE27 /* utf.c in Sources */,
				03B1DD701D56887A00FEDE27 /* memory.c in Sources */,
				03B1DD6C1D56887A00FEDE27 /* error.c in Sources */,
				03B1DD6F1D56887A00FEDE27 /* load.c in Sources */,
				03B1DD721D56887A00FEDE27 /* strbuffer.c in Sources */,
				03B1DD6D1D56887A00FEDE27 /* hashtable_seed.c in Sources */,
				03B1DD6E1D56887A00FEDE27 /* hashtable.c in Sources */,
				03B1DD541D56886E00FEDE27 /* main.c in Sources */,
				03B1DD711D56887A00FEDE27 /* pack_unpack.c in Sources */,
				03B1DD751D56887A00FEDE27 /* value.c in Sources */,
				03B1DD6B1D56887A00FEDE27 /* dump.c in Sources */,
				03B1DD731D56887A00FEDE27 /* strconv.c in Sources */,
			);
			runOnlyForDeploymentPostprocessing = 0;
		};
/* End PBXSourcesBuildPhase section */

/* Begin XCBuildConfiguration section */
		03B1DD551D56886E00FEDE27 /* Debug */ = {
			isa = XCBuildConfiguration;
			buildSettings = {
				ALWAYS_SEARCH_USER_PATHS = NO;
				CLANG_ANALYZER_NONNULL = YES;
				CLANG_CXX_LANGUAGE_STANDARD = "gnu++0x";
				CLANG_CXX_LIBRARY = "libc++";
				CLANG_ENABLE_MODULES = YES;
				CLANG_ENABLE_OBJC_ARC = YES;
				CLANG_WARN_BOOL_CONVERSION = YES;
				CLANG_WARN_CONSTANT_CONVERSION = YES;
				CLANG_WARN_DIRECT_OBJC_ISA_USAGE = YES_ERROR;
				CLANG_WARN_DOCUMENTATION_COMMENTS = YES;
				CLANG_WARN_EMPTY_BODY = YES;
				CLANG_WARN_ENUM_CONVERSION = YES;
				CLANG_WARN_INT_CONVERSION = YES;
				CLANG_WARN_OBJC_ROOT_CLASS = YES_ERROR;
				CLANG_WARN_UNREACHABLE_CODE = YES;
				CLANG_WARN__DUPLICATE_METHOD_MATCH = YES;
				CODE_SIGN_IDENTITY = "-";
				COPY_PHASE_STRIP = NO;
				DEBUG_INFORMATION_FORMAT = dwarf;
				ENABLE_STRICT_OBJC_MSGSEND = YES;
				ENABLE_TESTABILITY = YES;
				GCC_C_LANGUAGE_STANDARD = gnu99;
				GCC_DYNAMIC_NO_PIC = NO;
				GCC_NO_COMMON_BLOCKS = YES;
				GCC_OPTIMIZATION_LEVEL = 0;
				GCC_PREPROCESSOR_DEFINITIONS = (
					"DEBUG=1",
					"$(inherited)",
				);
				GCC_WARN_64_TO_32_BIT_CONVERSION = YES;
				GCC_WARN_ABOUT_RETURN_TYPE = YES_ERROR;
				GCC_WARN_UNDECLARED_SELECTOR = YES;
				GCC_WARN_UNINITIALIZED_AUTOS = YES_AGGRESSIVE;
				GCC_WARN_UNUSED_FUNCTION = YES;
				GCC_WARN_UNUSED_VARIABLE = YES;
				MACOSX_DEPLOYMENT_TARGET = 10.11;
				MTL_ENABLE_DEBUG_INFO = YES;
				ONLY_ACTIVE_ARCH = YES;
				SDKROOT = macosx;
			};
			name = Debug;
		};
		03B1DD561D56886E00FEDE27 /* Release */ = {
			isa = XCBuildConfiguration;
			buildSettings = {
				ALWAYS_SEARCH_USER_PATHS = NO;
				CLANG_ANALYZER_NONNULL = YES;
				CLANG_CXX_LANGUAGE_STANDARD = "gnu++0x";
				CLANG_CXX_LIBRARY = "libc++";
				CLANG_ENABLE_MODULES = YES;
				CLANG_ENABLE_OBJC_ARC = YES;
				CLANG_WARN_BOOL_CONVERSION = YES;
				CLANG_WARN_CONSTANT_CONVERSION = YES;
				CLANG_WARN_DIRECT_OBJC_ISA_USAGE = YES_ERROR;
				CLANG_WARN_DOCUMENTATION_COMMENTS = YES;
				CLANG_WARN_EMPTY_BODY = YES;
				CLANG_WARN_ENUM_CONVERSION = YES;
				CLANG_WARN_INT_CONVERSION = YES;
				CLANG_WARN_OBJC_ROOT_CLASS = YES_ERROR;
				CLANG_WARN_UNREACHABLE_CODE = YES;
				CLANG_WARN__DUPLICATE_METHOD_MATCH = YES;
				CODE_SIGN_IDENTITY = "-";
				COPY_PHASE_STRIP = NO;
				DEBUG_INFORMATION_FORMAT = "dwarf-with-dsym";
				ENABLE_NS_ASSERTIONS = NO;
				ENABLE_STRICT_OBJC_MSGSEND = YES;
				GCC_C_LANGUAGE_STANDARD = gnu99;
				GCC_NO_COMMON_BLOCKS = YES;
				GCC_WARN_64_TO_32_BIT_CONVERSION = YES;
				GCC_WARN_ABOUT_RETURN_TYPE = YES_ERROR;
				GCC_WARN_UNDECLARED_SELECTOR = YES;
				GCC_WARN_UNINITIALIZED_AUTOS = YES_AGGRESSIVE;
				GCC_WARN_UNUSED_FUNCTION = YES;
				GCC_WARN_UNUSED_VARIABLE = YES;
				MACOSX_DEPLOYMENT_TARGET = 10.11;
				MTL_ENABLE_DEBUG_INFO = NO;
				SDKROOT = macosx;
			};
			name = Release;
		};
		03B1DD581D56886E00FEDE27 /* Debug */ = {
			isa = XCBuildConfiguration;
			buildSettings = {
				PRODUCT_NAME = "$(TARGET_NAME)";
			};
			name = Debug;
		};
		03B1DD591D56886E00FEDE27 /* Release */ = {
			isa = XCBuildConfiguration;
			buildSettings = {
				PRODUCT_NAME = "$(TARGET_NAME)";
			};
			name = Release;
		};
/* End XCBuildConfiguration section */

/* Begin XCConfigurationList section */
		03B1DD4B1D56886E00FEDE27 /* Build configuration list for PBXProject "test_jansson" */ = {
			isa = XCConfigurationList;
			buildConfigurations = (
				03B1DD551D56886E00FEDE27 /* Debug */,
				03B1DD561D56886E00FEDE27 /* Release */,
			);
			defaultConfigurationIsVisible = 0;
			defaultConfigurationName = Release;
		};
		03B1DD571D56886E00FEDE27 /* Build configuration list for PBXNativeTarget "test_jansson" */ = {
			isa = XCConfigurationList;
			buildConfigurations = (
				03B1DD581D56886E00FEDE27 /* Debug */,
				03B1DD591D56886E00FEDE27 /* Release */,
			);
			defaultConfigurationIsVisible = 0;
		};
/* End XCConfigurationList section */
	};
	rootObject = 03B1DD481D56886E00FEDE27 /* Project object */;
}
