// !$*UTF8*$!
{
	archiveVersion = 1;
	classes = {
	};
	objectVersion = 46;
	objects = {

/* Begin PBXBuildFile section */
		0334F6B81D761B8F00A98A0A /* main.c in Sources */ = {isa = PBXBuildFile; fileRef = 0334F6B71D761B8F00A98A0A /* main.c */; };
		034CE4211D761BAD00AD9F7B /* jsmn.c in Sources */ = {isa = PBXBuildFile; fileRef = 034CE41F1D761BAD00AD9F7B /* jsmn.c */; };
/* End PBXBuildFile section */

/* Begin PBXCopyFilesBuildPhase section */
		0334F6B21D761B8F00A98A0A /* CopyFiles */ = {
			isa = PBXCopyFilesBuildPhase;
			buildActionMask = 2147483647;
			dstPath = /usr/share/man/man1/;
			dstSubfolderSpec = 0;
			files = (
			);
			runOnlyForDeploymentPostprocessing = 1;
		};
/* End PBXCopyFilesBuildPhase section */

/* Begin PBXFileReference section */
		0334F6B41D761B8F00A98A0A /* test_jsmn */ = {isa = PBXFileReference; explicitFileType = "compiled.mach-o.executable"; includeInIndex = 0; path = test_jsmn; sourceTree = BUILT_PRODUCTS_DIR; };
		0334F6B71D761B8F00A98A0A /* main.c */ = {isa = PBXFileReference; lastKnownFileType = sourcecode.c.c; path = main.c; sourceTree = "<group>"; };
		034CE41F1D761BAD00AD9F7B /* jsmn.c */ = {isa = PBXFileReference; fileEncoding = 4; lastKnownFileType = sourcecode.c.c; name = jsmn.c; path = ../jsmn.c; sourceTree = "<group>"; };
		034CE4201D761BAD00AD9F7B /* jsmn.h */ = {isa = PBXFileReference; fileEncoding = 4; lastKnownFileType = sourcecode.c.h; name = jsmn.h; path = ../jsmn.h; sourceTree = "<group>"; };
/* End PBXFileReference section */

/* Begin PBXFrameworksBuildPhase section */
		0334F6B11D761B8F00A98A0A /* Frameworks */ = {
			isa = PBXFrameworksBuildPhase;
			buildActionMask = 2147483647;
			files = (
			);
			runOnlyForDeploymentPostprocessing = 0;
		};
/* End PBXFrameworksBuildPhase section */

/* Begin PBXGroup section */
		0334F6AB1D761B8F00A98A0A = {
			isa = PBXGroup;
			children = (
				034CE4201D761BAD00AD9F7B /* jsmn.h */,
				034CE41F1D761BAD00AD9F7B /* jsmn.c */,
				0334F6B61D761B8F00A98A0A /* test_jsmn */,
				0334F6B51D761B8F00A98A0A /* Products */,
			);
			sourceTree = "<group>";
		};
		0334F6B51D761B8F00A98A0A /* Products */ = {
			isa = PBXGroup;
			children = (
				0334F6B41D761B8F00A98A0A /* test_jsmn */,
			);
			name = Products;
			sourceTree = "<group>";
		};
		0334F6B61D761B8F00A98A0A /* test_jsmn */ = {
			isa = PBXGroup;
			children = (
				0334F6B71D761B8F00A98A0A /* main.c */,
			);
			path = test_jsmn;
			sourceTree = "<group>";
		};
/* End PBXGroup section */

/* Begin PBXNativeTarget section */
		0334F6B31D761B8F00A98A0A /* test_jsmn */ = {
			isa = PBXNativeTarget;
			buildConfigurationList = 0334F6BB1D761B8F00A98A0A /* Build configuration list for PBXNativeTarget "test_jsmn" */;
			buildPhases = (
				0334F6B01D761B8F00A98A0A /* Sources */,
				0334F6B11D761B8F00A98A0A /* Frameworks */,
				0334F6B21D761B8F00A98A0A /* CopyFiles */,
			);
			buildRules = (
			);
			dependencies = (
			);
			name = test_jsmn;
			productName = test_jsmn;
			productReference = 0334F6B41D761B8F00A98A0A /* test_jsmn */;
			productType = "com.apple.product-type.tool";
		};
/* End PBXNativeTarget section */

/* Begin PBXProject section */
		0334F6AC1D761B8F00A98A0A /* Project object */ = {
			isa = PBXProject;
			attributes = {
				LastUpgradeCheck = 0730;
				ORGANIZATIONNAME = "Nicolas Seriot";
				TargetAttributes = {
					0334F6B31D761B8F00A98A0A = {
						CreatedOnToolsVersion = 7.3;
					};
				};
			};
			buildConfigurationList = 0334F6AF1D761B8F00A98A0A /* Build configuration list for PBXProject "test_jsmn" */;
			compatibilityVersion = "Xcode 3.2";
			developmentRegion = English;
			hasScannedForEncodings = 0;
			knownRegions = (
				en,
			);
			mainGroup = 0334F6AB1D761B8F00A98A0A;
			productRefGroup = 0334F6B51D761B8F00A98A0A /* Products */;
			projectDirPath = "";
			projectRoot = "";
			targets = (
				0334F6B31D761B8F00A98A0A /* test_jsmn */,
			);
		};
/* End PBXProject section */

/* Begin PBXSourcesBuildPhase section */
		0334F6B01D761B8F00A98A0A /* Sources */ = {
			isa = PBXSourcesBuildPhase;
			buildActionMask = 2147483647;
			files = (
				0334F6B81D761B8F00A98A0A /* main.c in Sources */,
				034CE4211D761BAD00AD9F7B /* jsmn.c in Sources */,
			);
			runOnlyForDeploymentPostprocessing = 0;
		};
/* End PBXSourcesBuildPhase section */

/* Begin XCBuildConfiguration section */
		0334F6B91D761B8F00A98A0A /* Debug */ = {
			isa = XCBuildConfiguration;
			buildSettings = {
				ALWAYS_SEARCH_USER_PATHS = NO;
				CLANG_ANALYZER_NONNULL = YES;
				CLANG_CXX_LANGUAGE_STANDARD = "gnu++0x";
				CLANG_CXX_LIBRARY = "libc++";
				CLANG_ENABLE_MODULES = YES;
				CLANG_ENABLE_OBJC_ARC = YES;
				CLANG_WARN_BOOL_CONVERSION = YES;
				CLANG_WARN_CONSTANT_CONVERSION = YES;
				CLANG_WARN_DIRECT_OBJC_ISA_USAGE = YES_ERROR;
				CLANG_WARN_EMPTY_BODY = YES;
				CLANG_WARN_ENUM_CONVERSION = YES;
				CLANG_WARN_INT_CONVERSION = YES;
				CLANG_WARN_OBJC_ROOT_CLASS = YES_ERROR;
				CLANG_WARN_UNREACHABLE_CODE = YES;
				CLANG_WARN__DUPLICATE_METHOD_MATCH = YES;
				CODE_SIGN_IDENTITY = "-";
				COPY_PHASE_STRIP = NO;
				DEBUG_INFORMATION_FORMAT = dwarf;
				ENABLE_STRICT_OBJC_MSGSEND = YES;
				ENABLE_TESTABILITY = YES;
				GCC_C_LANGUAGE_STANDARD = gnu99;
				GCC_DYNAMIC_NO_PIC = NO;
				GCC_NO_COMMON_BLOCKS = YES;
				GCC_OPTIMIZATION_LEVEL = 0;
				GCC_PREPROCESSOR_DEFINITIONS = (
					"DEBUG=1",
					"$(inherited)",
				);
				GCC_WARN_64_TO_32_BIT_CONVERSION = YES;
				GCC_WARN_ABOUT_RETURN_TYPE = YES_ERROR;
				GCC_WARN_UNDECLARED_SELECTOR = YES;
				GCC_WARN_UNINITIALIZED_AUTOS = YES_AGGRESSIVE;
				GCC_WARN_UNUSED_FUNCTION = YES;
				GCC_WARN_UNUSED_VARIABLE = YES;
				MACOSX_DEPLOYMENT_TARGET = 10.11;
				MTL_ENABLE_DEBUG_INFO = YES;
				ONLY_ACTIVE_ARCH = YES;
				SDKROOT = macosx;
			};
			name = Debug;
		};
		0334F6BA1D761B8F00A98A0A /* Release */ = {
			isa = XCBuildConfiguration;
			buildSettings = {
				ALWAYS_SEARCH_USER_PATHS = NO;
				CLANG_ANALYZER_NONNULL = YES;
				CLANG_CXX_LANGUAGE_STANDARD = "gnu++0x";
				CLANG_CXX_LIBRARY = "libc++";
				CLANG_ENABLE_MODULES = YES;
				CLANG_ENABLE_OBJC_ARC = YES;
				CLANG_WARN_BOOL_CONVERSION = YES;
				CLANG_WARN_CONSTANT_CONVERSION = YES;
				CLANG_WARN_DIRECT_OBJC_ISA_USAGE = YES_ERROR;
				CLANG_WARN_EMPTY_BODY = YES;
				CLANG_WARN_ENUM_CONVERSION = YES;
				CLANG_WARN_INT_CONVERSION = YES;
				CLANG_WARN_OBJC_ROOT_CLASS = YES_ERROR;
				CLANG_WARN_UNREACHABLE_CODE = YES;
				CLANG_WARN__DUPLICATE_METHOD_MATCH = YES;
				CODE_SIGN_IDENTITY = "-";
				COPY_PHASE_STRIP = NO;
				DEBUG_INFORMATION_FORMAT = "dwarf-with-dsym";
				ENABLE_NS_ASSERTIONS = NO;
				ENABLE_STRICT_OBJC_MSGSEND = YES;
				GCC_C_LANGUAGE_STANDARD = gnu99;
				GCC_NO_COMMON_BLOCKS = YES;
				GCC_WARN_64_TO_32_BIT_CONVERSION = YES;
				GCC_WARN_ABOUT_RETURN_TYPE = YES_ERROR;
				GCC_WARN_UNDECLARED_SELECTOR = YES;
				GCC_WARN_UNINITIALIZED_AUTOS = YES_AGGRESSIVE;
				GCC_WARN_UNUSED_FUNCTION = YES;
				GCC_WARN_UNUSED_VARIABLE = YES;
				MACOSX_DEPLOYMENT_TARGET = 10.11;
				MTL_ENABLE_DEBUG_INFO = NO;
				SDKROOT = macosx;
			};
			name = Release;
		};
		0334F6BC1D761B8F00A98A0A /* Debug */ = {
			isa = XCBuildConfiguration;
			buildSettings = {
				PRODUCT_NAME = "$(TARGET_NAME)";
			};
			name = Debug;
		};
		0334F6BD1D761B8F00A98A0A /* Release */ = {
			isa = XCBuildConfiguration;
			buildSettings = {
				PRODUCT_NAME = "$(TARGET_NAME)";
			};
			name = Release;
		};
/* End XCBuildConfiguration section */

/* Begin XCConfigurationList section */
		0334F6AF1D761B8F00A98A0A /* Build configuration list for PBXProject "test_jsmn" */ = {
			isa = XCConfigurationList;
			buildConfigurations = (
				0334F6B91D761B8F00A98A0A /* Debug */,
				0334F6BA1D761B8F00A98A0A /* Release */,
			);
			defaultConfigurationIsVisible = 0;
			defaultConfigurationName = Release;
		};
		0334F6BB1D761B8F00A98A0A /* Build configuration list for PBXNativeTarget "test_jsmn" */ = {
			isa = XCConfigurationList;
			buildConfigurations = (
				0334F6BC1D761B8F00A98A0A /* Debug */,
				0334F6BD1D761B8F00A98A0A /* Release */,
			);
			defaultConfigurationIsVisible = 0;
			defaultConfigurationName = Release;
		};
/* End XCConfigurationList section */
	};
	rootObject = 0334F6AC1D761B8F00A98A0A /* Project object */;
}
