// !$*UTF8*$!
{
	archiveVersion = 1;
	classes = {
	};
	objectVersion = 46;
	objects = {

/* Begin PBXBuildFile section */
		035C82521DC13EED00CDC48D /* main.swift in Sources */ = {isa = PBXBuildFile; fileRef = 035C82511DC13EED00CDC48D /* main.swift */; };
		035C82611DC13F1B00CDC48D /* Accessors.swift in Sources */ = {isa = PBXBuildFile; fileRef = 035C82581DC13F1B00CDC48D /* Accessors.swift */; };
		035C82621DC13F1B00CDC48D /* DecimalNumber.swift in Sources */ = {isa = PBXBuildFile; fileRef = 035C82591DC13F1B00CDC48D /* DecimalNumber.swift */; };
		035C82631DC13F1B00CDC48D /* Decoder.swift in Sources */ = {isa = PBXBuildFile; fileRef = 035C825A1DC13F1B00CDC48D /* Decoder.swift */; };
		035C82641DC13F1B00CDC48D /* Encoder.swift in Sources */ = {isa = PBXBuildFile; fileRef = 035C825B1DC13F1B00CDC48D /* Encoder.swift */; };
		035C82651DC13F1B00CDC48D /* JSON.swift in Sources */ = {isa = PBXBuildFile; fileRef = 035C825C1DC13F1B00CDC48D /* JSON.swift */; };
		035C82661DC13F1B00CDC48D /* JSONError.swift in Sources */ = {isa = PBXBuildFile; fileRef = 035C825D1DC13F1B00CDC48D /* JSONError.swift */; };
		035C82671DC13F1B00CDC48D /* JSONObject.swift in Sources */ = {isa = PBXBuildFile; fileRef = 035C825E1DC13F1B00CDC48D /* JSONObject.swift */; };
		035C82681DC13F1B00CDC48D /* ObjectiveC.swift in Sources */ = {isa = PBXBuildFile; fileRef = 035C825F1DC13F1B00CDC48D /* ObjectiveC.swift */; };
		035C82691DC13F1B00CDC48D /* Parser.swift in Sources */ = {isa = PBXBuildFile; fileRef = 035C82601DC13F1B00CDC48D /* Parser.swift */; };
/* End PBXBuildFile section */

/* Begin PBXCopyFilesBuildPhase section */
		035C824C1DC13EED00CDC48D /* CopyFiles */ = {
			isa = PBXCopyFilesBuildPhase;
			buildActionMask = 2147483647;
			dstPath = /usr/share/man/man1/;
			dstSubfolderSpec = 0;
			files = (
			);
			runOnlyForDeploymentPostprocessing = 1;
		};
/* End PBXCopyFilesBuildPhase section */

/* Begin PBXFileReference section */
		035C824E1DC13EED00CDC48D /* test_PMJSON */ = {isa = PBXFileReference; explicitFileType = "compiled.mach-o.executable"; includeInIndex = 0; path = test_PMJSON; sourceTree = BUILT_PRODUCTS_DIR; };
		035C82511DC13EED00CDC48D /* main.swift */ = {isa = PBXFileReference; lastKnownFileType = sourcecode.swift; path = main.swift; sourceTree = "<group>"; };
		035C82581DC13F1B00CDC48D /* Accessors.swift */ = {isa = PBXFileReference; fileEncoding = 4; lastKnownFileType = sourcecode.swift; path = Accessors.swift; sourceTree = "<group>"; };
		035C82591DC13F1B00CDC48D /* DecimalNumber.swift */ = {isa = PBXFileReference; fileEncoding = 4; lastKnownFileType = sourcecode.swift; path = DecimalNumber.swift; sourceTree = "<group>"; };
		035C825A1DC13F1B00CDC48D /* Decoder.swift */ = {isa = PBXFileReference; fileEncoding = 4; lastKnownFileType = sourcecode.swift; path = Decoder.swift; sourceTree = "<group>"; };
		035C825B1DC13F1B00CDC48D /* Encoder.swift */ = {isa = PBXFileReference; fileEncoding = 4; lastKnownFileType = sourcecode.swift; path = Encoder.swift; sourceTree = "<group>"; };
		035C825C1DC13F1B00CDC48D /* JSON.swift */ = {isa = PBXFileReference; fileEncoding = 4; lastKnownFileType = sourcecode.swift; path = JSON.swift; sourceTree = "<group>"; };
		035C825D1DC13F1B00CDC48D /* JSONError.swift */ = {isa = PBXFileReference; fileEncoding = 4; lastKnownFileType = sourcecode.swift; path = JSONError.swift; sourceTree = "<group>"; };
		035C825E1DC13F1B00CDC48D /* JSONObject.swift */ = {isa = PBXFileReference; fileEncoding = 4; lastKnownFileType = sourcecode.swift; path = JSONObject.swift; sourceTree = "<group>"; };
		035C825F1DC13F1B00CDC48D /* ObjectiveC.swift */ = {isa = PBXFileReference; fileEncoding = 4; lastKnownFileType = sourcecode.swift; path = ObjectiveC.swift; sourceTree = "<group>"; };
		035C82601DC13F1B00CDC48D /* Parser.swift */ = {isa = PBXFileReference; fileEncoding = 4; lastKnownFileType = sourcecode.swift; path = Parser.swift; sourceTree = "<group>"; };
/* End PBXFileReference section */

/* Begin PBXFrameworksBuildPhase section */
		035C824B1DC13EED00CDC48D /* Frameworks */ = {
			isa = PBXFrameworksBuildPhase;
			buildActionMask = 2147483647;
			files = (
			);
			runOnlyForDeploymentPostprocessing = 0;
		};
/* End PBXFrameworksBuildPhase section */

/* Begin PBXGroup section */
		035C82451DC13EED00CDC48D = {
			isa = PBXGroup;
			children = (
				035C82581DC13F1B00CDC48D /* Accessors.swift */,
				035C82591DC13F1B00CDC48D /* DecimalNumber.swift */,
				035C825A1DC13F1B00CDC48D /* Decoder.swift */,
				035C825B1DC13F1B00CDC48D /* Encoder.swift */,
				035C825C1DC13F1B00CDC48D /* JSON.swift */,
				035C825D1DC13F1B00CDC48D /* JSONError.swift */,
				035C825E1DC13F1B00CDC48D /* JSONObject.swift */,
				035C825F1DC13F1B00CDC48D /* ObjectiveC.swift */,
				035C82601DC13F1B00CDC48D /* Parser.swift */,
				035C82501DC13EED00CDC48D /* test_PMJSON */,
				035C824F1DC13EED00CDC48D /* Products */,
			);
			sourceTree = "<group>";
		};
		035C824F1DC13EED00CDC48D /* Products */ = {
			isa = PBXGroup;
			children = (
				035C824E1DC13EED00CDC48D /* test_PMJSON */,
			);
			name = Products;
			sourceTree = "<group>";
		};
		035C82501DC13EED00CDC48D /* test_PMJSON */ = {
			isa = PBXGroup;
			children = (
				035C82511DC13EED00CDC48D /* main.swift */,
			);
			path = test_PMJSON;
			sourceTree = "<group>";
		};
/* End PBXGroup section */

/* Begin PBXNativeTarget section */
		035C824D1DC13EED00CDC48D /* test_PMJSON */ = {
			isa = PBXNativeTarget;
			buildConfigurationList = 035C82551DC13EED00CDC48D /* Build configuration list for PBXNativeTarget "test_PMJSON" */;
			buildPhases = (
				035C824A1DC13EED00CDC48D /* Sources */,
				035C824B1DC13EED00CDC48D /* Frameworks */,
				035C824C1DC13EED00CDC48D /* CopyFiles */,
			);
			buildRules = (
			);
			dependencies = (
			);
			name = test_PMJSON;
			productName = test_PMJSON;
			productReference = 035C824E1DC13EED00CDC48D /* test_PMJSON */;
			productType = "com.apple.product-type.tool";
		};
/* End PBXNativeTarget section */

/* Begin PBXProject section */
		035C82461DC13EED00CDC48D /* Project object */ = {
			isa = PBXProject;
			attributes = {
				LastSwiftUpdateCheck = 0800;
				LastUpgradeCheck = 0800;
				ORGANIZATIONNAME = "Nicolas Seriot";
				TargetAttributes = {
					035C824D1DC13EED00CDC48D = {
						CreatedOnToolsVersion = 8.0;
						DevelopmentTeam = VBYRKYS73S;
						ProvisioningStyle = Automatic;
					};
				};
			};
			buildConfigurationList = 035C82491DC13EED00CDC48D /* Build configuration list for PBXProject "test_PMJSON" */;
			compatibilityVersion = "Xcode 3.2";
			developmentRegion = English;
			hasScannedForEncodings = 0;
			knownRegions = (
				en,
			);
			mainGroup = 035C82451DC13EED00CDC48D;
			productRefGroup = 035C824F1DC13EED00CDC48D /* Products */;
			projectDirPath = "";
			projectRoot = "";
			targets = (
				035C824D1DC13EED00CDC48D /* test_PMJSON */,
			);
		};
/* End PBXProject section */

/* Begin PBXSourcesBuildPhase section */
		035C824A1DC13EED00CDC48D /* Sources */ = {
			isa = PBXSourcesBuildPhase;
			buildActionMask = 2147483647;
			files = (
				035C82611DC13F1B00CDC48D /* Accessors.swift in Sources */,
				035C82661DC13F1B00CDC48D /* JSONError.swift in Sources */,
				035C82691DC13F1B00CDC48D /* Parser.swift in Sources */,
				035C82521DC13EED00CDC48D /* main.swift in Sources */,
				035C82641DC13F1B00CDC48D /* Encoder.swift in Sources */,
				035C82671DC13F1B00CDC48D /* JSONObject.swift in Sources */,
				035C82651DC13F1B00CDC48D /* JSON.swift in Sources */,
				035C82631DC13F1B00CDC48D /* Decoder.swift in Sources */,
				035C82621DC13F1B00CDC48D /* DecimalNumber.swift in Sources */,
				035C82681DC13F1B00CDC48D /* ObjectiveC.swift in Sources */,
			);
			runOnlyForDeploymentPostprocessing = 0;
		};
/* End PBXSourcesBuildPhase section */

/* Begin XCBuildConfiguration section */
		035C82531DC13EED00CDC48D /* Debug */ = {
			isa = XCBuildConfiguration;
			buildSettings = {
				ALWAYS_SEARCH_USER_PATHS = NO;
				CLANG_ANALYZER_NONNULL = YES;
				CLANG_CXX_LANGUAGE_STANDARD = "gnu++0x";
				CLANG_CXX_LIBRARY = "libc++";
				CLANG_ENABLE_MODULES = YES;
				CLANG_ENABLE_OBJC_ARC = YES;
				CLANG_WARN_BOOL_CONVERSION = YES;
				CLANG_WARN_CONSTANT_CONVERSION = YES;
				CLANG_WARN_DIRECT_OBJC_ISA_USAGE = YES_ERROR;
				CLANG_WARN_DOCUMENTATION_COMMENTS = YES;
				CLANG_WARN_EMPTY_BODY = YES;
				CLANG_WARN_ENUM_CONVERSION = YES;
				CLANG_WARN_INFINITE_RECURSION = YES;
				CLANG_WARN_INT_CONVERSION = YES;
				CLANG_WARN_OBJC_ROOT_CLASS = YES_ERROR;
				CLANG_WARN_SUSPICIOUS_MOVES = YES;
				CLANG_WARN_UNREACHABLE_CODE = YES;
				CLANG_WARN__DUPLICATE_METHOD_MATCH = YES;
				CODE_SIGN_IDENTITY = "-";
				COPY_PHASE_STRIP = NO;
				DEBUG_INFORMATION_FORMAT = dwarf;
				ENABLE_STRICT_OBJC_MSGSEND = YES;
				ENABLE_TESTABILITY = YES;
				GCC_C_LANGUAGE_STANDARD = gnu99;
				GCC_DYNAMIC_NO_PIC = NO;
				GCC_NO_COMMON_BLOCKS = YES;
				GCC_OPTIMIZATION_LEVEL = 0;
				GCC_PREPROCESSOR_DEFINITIONS = (
					"DEBUG=1",
					"$(inherited)",
				);
				GCC_WARN_64_TO_32_BIT_CONVERSION = YES;
				GCC_WARN_ABOUT_RETURN_TYPE = YES_ERROR;
				GCC_WARN_UNDECLARED_SELECTOR = YES;
				GCC_WARN_UNINITIALIZED_AUTOS = YES_AGGRESSIVE;
				GCC_WARN_UNUSED_FUNCTION = YES;
				GCC_WARN_UNUSED_VARIABLE = YES;
				MACOSX_DEPLOYMENT_TARGET = 10.12;
				MTL_ENABLE_DEBUG_INFO = YES;
				ONLY_ACTIVE_ARCH = YES;
				SDKROOT = macosx;
				SWIFT_OPTIMIZATION_LEVEL = "-Onone";
			};
			name = Debug;
		};
		035C82541DC13EED00CDC48D /* Release */ = {
			isa = XCBuildConfiguration;
			buildSettings = {
				ALWAYS_SEARCH_USER_PATHS = NO;
				CLANG_ANALYZER_NONNULL = YES;
				CLANG_CXX_LANGUAGE_STANDARD = "gnu++0x";
				CLANG_CXX_LIBRARY = "libc++";
				CLANG_ENABLE_MODULES = YES;
				CLANG_ENABLE_OBJC_ARC = YES;
				CLANG_WARN_BOOL_CONVERSION = YES;
				CLANG_WARN_CONSTANT_CONVERSION = YES;
				CLANG_WARN_DIRECT_OBJC_ISA_USAGE = YES_ERROR;
				CLANG_WARN_DOCUMENTATION_COMMENTS = YES;
				CLANG_WARN_EMPTY_BODY = YES;
				CLANG_WARN_ENUM_CONVERSION = YES;
				CLANG_WARN_INFINITE_RECURSION = YES;
				CLANG_WARN_INT_CONVERSION = YES;
				CLANG_WARN_OBJC_ROOT_CLASS = YES_ERROR;
				CLANG_WARN_SUSPICIOUS_MOVES = YES;
				CLANG_WARN_UNREACHABLE_CODE = YES;
				CLANG_WARN__DUPLICATE_METHOD_MATCH = YES;
				CODE_SIGN_IDENTITY = "-";
				COPY_PHASE_STRIP = NO;
				DEBUG_INFORMATION_FORMAT = "dwarf-with-dsym";
				ENABLE_NS_ASSERTIONS = NO;
				ENABLE_STRICT_OBJC_MSGSEND = YES;
				GCC_C_LANGUAGE_STANDARD = gnu99;
				GCC_NO_COMMON_BLOCKS = YES;
				GCC_WARN_64_TO_32_BIT_CONVERSION = YES;
				GCC_WARN_ABOUT_RETURN_TYPE = YES_ERROR;
				GCC_WARN_UNDECLARED_SELECTOR = YES;
				GCC_WARN_UNINITIALIZED_AUTOS = YES_AGGRESSIVE;
				GCC_WARN_UNUSED_FUNCTION = YES;
				GCC_WARN_UNUSED_VARIABLE = YES;
				MACOSX_DEPLOYMENT_TARGET = 10.12;
				MTL_ENABLE_DEBUG_INFO = NO;
				SDKROOT = macosx;
			};
			name = Release;
		};
		035C82561DC13EED00CDC48D /* Debug */ = {
			isa = XCBuildConfiguration;
			buildSettings = {
				DEVELOPMENT_TEAM = VBYRKYS73S;
				PRODUCT_NAME = "$(TARGET_NAME)";
				SWIFT_VERSION = 3.0;
			};
			name = Debug;
		};
		035C82571DC13EED00CDC48D /* Release */ = {
			isa = XCBuildConfiguration;
			buildSettings = {
				DEVELOPMENT_TEAM = VBYRKYS73S;
				PRODUCT_NAME = "$(TARGET_NAME)";
				SWIFT_VERSION = 3.0;
			};
			name = Release;
		};
/* End XCBuildConfiguration section */

/* Begin XCConfigurationList section */
		035C82491DC13EED00CDC48D /* Build configuration list for PBXProject "test_PMJSON" */ = {
			isa = XCConfigurationList;
			buildConfigurations = (
				035C82531DC13EED00CDC48D /* Debug */,
				035C82541DC13EED00CDC48D /* Release */,
			);
			defaultConfigurationIsVisible = 0;
			defaultConfigurationName = Release;
		};
		035C82551DC13EED00CDC48D /* Build configuration list for PBXNativeTarget "test_PMJSON" */ = {
			isa = XCConfigurationList;
			buildConfigurations = (
				035C82561DC13EED00CDC48D /* Debug */,
				035C82571DC13EED00CDC48D /* Release */,
			);
			defaultConfigurationIsVisible = 0;
		};
/* End XCConfigurationList section */
	};
	rootObject = 035C82461DC13EED00CDC48D /* Project object */;
}
