// !$*UTF8*$!
{
	archiveVersion = 1;
	classes = {
	};
	objectVersion = 46;
	objects = {

/* Begin PBXBuildFile section */
		034CB5251D7C6B80006D4E84 /* main.m in Sources */ = {isa = PBXBuildFile; fileRef = 034CB5241D7C6B80006D4E84 /* main.m */; };
		034CB53A1D7C6B8F006D4E84 /* SBJson4StreamWriterState.m in Sources */ = {isa = PBXBuildFile; fileRef = 034CB52C1D7C6B8F006D4E84 /* SBJson4StreamWriterState.m */; };
		034CB53B1D7C6B8F006D4E84 /* SBJson4StreamWriter.m in Sources */ = {isa = PBXBuildFile; fileRef = 034CB5301D7C6B8F006D4E84 /* SBJson4StreamWriter.m */; };
		034CB53C1D7C6B8F006D4E84 /* SBJson4StreamParser.m in Sources */ = {isa = PBXBuildFile; fileRef = 034CB5331D7C6B8F006D4E84 /* SBJson4StreamParser.m */; };
		034CB53D1D7C6B8F006D4E84 /* SBJson4Parser.m in Sources */ = {isa = PBXBuildFile; fileRef = 034CB5341D7C6B8F006D4E84 /* SBJson4Parser.m */; };
		034CB53E1D7C6B8F006D4E84 /* SBJson4Writer.m in Sources */ = {isa = PBXBuildFile; fileRef = 034CB5351D7C6B8F006D4E84 /* SBJson4Writer.m */; };
		034CB53F1D7C6B8F006D4E84 /* SBJson4StreamParserState.m in Sources */ = {isa = PBXBuildFile; fileRef = 034CB5371D7C6B8F006D4E84 /* SBJson4StreamParserState.m */; };
		034CB5401D7C6B8F006D4E84 /* SBJson4StreamTokeniser.m in Sources */ = {isa = PBXBuildFile; fileRef = 034CB5381D7C6B8F006D4E84 /* SBJson4StreamTokeniser.m */; };
/* End PBXBuildFile section */

/* Begin PBXCopyFilesBuildPhase section */
		034CB51F1D7C6B80006D4E84 /* CopyFiles */ = {
			isa = PBXCopyFilesBuildPhase;
			buildActionMask = 2147483647;
			dstPath = /usr/share/man/man1/;
			dstSubfolderSpec = 0;
			files = (
			);
			runOnlyForDeploymentPostprocessing = 1;
		};
/* End PBXCopyFilesBuildPhase section */

/* Begin PBXFileReference section */
		034CB5211D7C6B80006D4E84 /* test_SBJSON */ = {isa = PBXFileReference; explicitFileType = "compiled.mach-o.executable"; includeInIndex = 0; path = test_SBJSON; sourceTree = BUILT_PRODUCTS_DIR; };
		034CB5241D7C6B80006D4E84 /* main.m */ = {isa = PBXFileReference; lastKnownFileType = sourcecode.c.objc; path = main.m; sourceTree = "<group>"; };
		034CB52B1D7C6B8F006D4E84 /* SBJson4.h */ = {isa = PBXFileReference; fileEncoding = 4; lastKnownFileType = sourcecode.c.h; path = SBJson4.h; sourceTree = "<group>"; };
		034CB52C1D7C6B8F006D4E84 /* SBJson4StreamWriterState.m */ = {isa = PBXFileReference; fileEncoding = 4; lastKnownFileType = sourcecode.c.objc; path = SBJson4StreamWriterState.m; sourceTree = "<group>"; };
		034CB52D1D7C6B8F006D4E84 /* SBJson4StreamWriterState.h */ = {isa = PBXFileReference; fileEncoding = 4; lastKnownFileType = sourcecode.c.h; path = SBJson4StreamWriterState.h; sourceTree = "<group>"; };
		034CB52E1D7C6B8F006D4E84 /* SBJson4StreamParserState.h */ = {isa = PBXFileReference; fileEncoding = 4; lastKnownFileType = sourcecode.c.h; path = SBJson4StreamParserState.h; sourceTree = "<group>"; };
		034CB52F1D7C6B8F006D4E84 /* SBJson4StreamWriter.h */ = {isa = PBXFileReference; fileEncoding = 4; lastKnownFileType = sourcecode.c.h; path = SBJson4StreamWriter.h; sourceTree = "<group>"; };
		034CB5301D7C6B8F006D4E84 /* SBJson4StreamWriter.m */ = {isa = PBXFileReference; fileEncoding = 4; lastKnownFileType = sourcecode.c.objc; path = SBJson4StreamWriter.m; sourceTree = "<group>"; };
		034CB5311D7C6B8F006D4E84 /* SBJson4StreamParser.h */ = {isa = PBXFileReference; fileEncoding = 4; lastKnownFileType = sourcecode.c.h; path = SBJson4StreamParser.h; sourceTree = "<group>"; };
		034CB5321D7C6B8F006D4E84 /* SBJson4Parser.h */ = {isa = PBXFileReference; fileEncoding = 4; lastKnownFileType = sourcecode.c.h; path = SBJson4Parser.h; sourceTree = "<group>"; };
		034CB5331D7C6B8F006D4E84 /* SBJson4StreamParser.m */ = {isa = PBXFileReference; fileEncoding = 4; lastKnownFileType = sourcecode.c.objc; path = SBJson4StreamParser.m; sourceTree = "<group>"; };
		034CB5341D7C6B8F006D4E84 /* SBJson4Parser.m */ = {isa = PBXFileReference; fileEncoding = 4; lastKnownFileType = sourcecode.c.objc; path = SBJson4Parser.m; sourceTree = "<group>"; };
		034CB5351D7C6B8F006D4E84 /* SBJson4Writer.m */ = {isa = PBXFileReference; fileEncoding = 4; lastKnownFileType = sourcecode.c.objc; path = SBJson4Writer.m; sourceTree = "<group>"; };
		034CB5361D7C6B8F006D4E84 /* SBJson4Writer.h */ = {isa = PBXFileReference; fileEncoding = 4; lastKnownFileType = sourcecode.c.h; path = SBJson4Writer.h; sourceTree = "<group>"; };
		034CB5371D7C6B8F006D4E84 /* SBJson4StreamParserState.m */ = {isa = PBXFileReference; fileEncoding = 4; lastKnownFileType = sourcecode.c.objc; path = SBJson4StreamParserState.m; sourceTree = "<group>"; };
		034CB5381D7C6B8F006D4E84 /* SBJson4StreamTokeniser.m */ = {isa = PBXFileReference; fileEncoding = 4; lastKnownFileType = sourcecode.c.objc; path = SBJson4StreamTokeniser.m; sourceTree = "<group>"; };
		034CB5391D7C6B8F006D4E84 /* SBJson4StreamTokeniser.h */ = {isa = PBXFileReference; fileEncoding = 4; lastKnownFileType = sourcecode.c.h; path = SBJson4StreamTokeniser.h; sourceTree = "<group>"; };
/* End PBXFileReference section */

/* Begin PBXFrameworksBuildPhase section */
		034CB51E1D7C6B80006D4E84 /* Frameworks */ = {
			isa = PBXFrameworksBuildPhase;
			buildActionMask = 2147483647;
			files = (
			);
			runOnlyForDeploymentPostprocessing = 0;
		};
/* End PBXFrameworksBuildPhase section */

/* Begin PBXGroup section */
		034CB5181D7C6B80006D4E84 = {
			isa = PBXGroup;
			children = (
				034CB52B1D7C6B8F006D4E84 /* SBJson4.h */,
				034CB52C1D7C6B8F006D4E84 /* SBJson4StreamWriterState.m */,
				034CB52D1D7C6B8F006D4E84 /* SBJson4StreamWriterState.h */,
				034CB52E1D7C6B8F006D4E84 /* SBJson4StreamParserState.h */,
				034CB52F1D7C6B8F006D4E84 /* SBJson4StreamWriter.h */,
				034CB5301D7C6B8F006D4E84 /* SBJson4StreamWriter.m */,
				034CB5311D7C6B8F006D4E84 /* SBJson4StreamParser.h */,
				034CB5321D7C6B8F006D4E84 /* SBJson4Parser.h */,
				034CB5331D7C6B8F006D4E84 /* SBJson4StreamParser.m */,
				034CB5341D7C6B8F006D4E84 /* SBJson4Parser.m */,
				034CB5351D7C6B8F006D4E84 /* SBJson4Writer.m */,
				034CB5361D7C6B8F006D4E84 /* SBJson4Writer.h */,
				034CB5371D7C6B8F006D4E84 /* SBJson4StreamParserState.m */,
				034CB5381D7C6B8F006D4E84 /* SBJson4StreamTokeniser.m */,
				034CB5391D7C6B8F006D4E84 /* SBJson4StreamTokeniser.h */,
				034CB5231D7C6B80006D4E84 /* test_SBJSON */,
				034CB5221D7C6B80006D4E84 /* Products */,
			);
			sourceTree = "<group>";
		};
		034CB5221D7C6B80006D4E84 /* Products */ = {
			isa = PBXGroup;
			children = (
				034CB5211D7C6B80006D4E84 /* test_SBJSON */,
			);
			name = Products;
			sourceTree = "<group>";
		};
		034CB5231D7C6B80006D4E84 /* test_SBJSON */ = {
			isa = PBXGroup;
			children = (
				034CB5241D7C6B80006D4E84 /* main.m */,
			);
			path = test_SBJSON;
			sourceTree = "<group>";
		};
/* End PBXGroup section */

/* Begin PBXNativeTarget section */
		034CB5201D7C6B80006D4E84 /* test_SBJSON */ = {
			isa = PBXNativeTarget;
			buildConfigurationList = 034CB5281D7C6B80006D4E84 /* Build configuration list for PBXNativeTarget "test_SBJSON" */;
			buildPhases = (
				034CB51D1D7C6B80006D4E84 /* Sources */,
				034CB51E1D7C6B80006D4E84 /* Frameworks */,
				034CB51F1D7C6B80006D4E84 /* CopyFiles */,
			);
			buildRules = (
			);
			dependencies = (
			);
			name = test_SBJSON;
			productName = test_SBJSON;
			productReference = 034CB5211D7C6B80006D4E84 /* test_SBJSON */;
			productType = "com.apple.product-type.tool";
		};
/* End PBXNativeTarget section */

/* Begin PBXProject section */
		034CB5191D7C6B80006D4E84 /* Project object */ = {
			isa = PBXProject;
			attributes = {
				LastUpgradeCheck = 0730;
				ORGANIZATIONNAME = "Nicolas Seriot";
				TargetAttributes = {
					034CB5201D7C6B80006D4E84 = {
						CreatedOnToolsVersion = 7.3;
					};
				};
			};
			buildConfigurationList = 034CB51C1D7C6B80006D4E84 /* Build configuration list for PBXProject "test_SBJSON" */;
			compatibilityVersion = "Xcode 3.2";
			developmentRegion = English;
			hasScannedForEncodings = 0;
			knownRegions = (
				en,
			);
			mainGroup = 034CB5181D7C6B80006D4E84;
			productRefGroup = 034CB5221D7C6B80006D4E84 /* Products */;
			projectDirPath = "";
			projectRoot = "";
			targets = (
				034CB5201D7C6B80006D4E84 /* test_SBJSON */,
			);
		};
/* End PBXProject section */

/* Begin PBXSourcesBuildPhase section */
		034CB51D1D7C6B80006D4E84 /* Sources */ = {
			isa = PBXSourcesBuildPhase;
			buildActionMask = 2147483647;
			files = (
				034CB53F1D7C6B8F006D4E84 /* SBJson4StreamParserState.m in Sources */,
				034CB53C1D7C6B8F006D4E84 /* SBJson4StreamParser.m in Sources */,
				034CB53A1D7C6B8F006D4E84 /* SBJson4StreamWriterState.m in Sources */,
				034CB5251D7C6B80006D4E84 /* main.m in Sources */,
				034CB53D1D7C6B8F006D4E84 /* SBJson4Parser.m in Sources */,
				034CB53E1D7C6B8F006D4E84 /* SBJson4Writer.m in Sources */,
				034CB5401D7C6B8F006D4E84 /* SBJson4StreamTokeniser.m in Sources */,
				034CB53B1D7C6B8F006D4E84 /* SBJson4StreamWriter.m in Sources */,
			);
			runOnlyForDeploymentPostprocessing = 0;
		};
/* End PBXSourcesBuildPhase section */

/* Begin XCBuildConfiguration section */
		034CB5261D7C6B80006D4E84 /* Debug */ = {
			isa = XCBuildConfiguration;
			buildSettings = {
				ALWAYS_SEARCH_USER_PATHS = NO;
				CLANG_ANALYZER_NONNULL = YES;
				CLANG_CXX_LANGUAGE_STANDARD = "gnu++0x";
				CLANG_CXX_LIBRARY = "libc++";
				CLANG_ENABLE_MODULES = YES;
				CLANG_ENABLE_OBJC_ARC = YES;
				CLANG_WARN_BOOL_CONVERSION = YES;
				CLANG_WARN_CONSTANT_CONVERSION = YES;
				CLANG_WARN_DIRECT_OBJC_ISA_USAGE = YES_ERROR;
				CLANG_WARN_EMPTY_BODY = YES;
				CLANG_WARN_ENUM_CONVERSION = YES;
				CLANG_WARN_INT_CONVERSION = YES;
				CLANG_WARN_OBJC_ROOT_CLASS = YES_ERROR;
				CLANG_WARN_UNREACHABLE_CODE = YES;
				CLANG_WARN__DUPLICATE_METHOD_MATCH = YES;
				CODE_SIGN_IDENTITY = "-";
				COPY_PHASE_STRIP = NO;
				DEBUG_INFORMATION_FORMAT = dwarf;
				ENABLE_STRICT_OBJC_MSGSEND = YES;
				ENABLE_TESTABILITY = YES;
				GCC_C_LANGUAGE_STANDARD = gnu99;
				GCC_DYNAMIC_NO_PIC = NO;
				GCC_NO_COMMON_BLOCKS = YES;
				GCC_OPTIMIZATION_LEVEL = 0;
				GCC_PREPROCESSOR_DEFINITIONS = (
					"DEBUG=1",
					"$(inherited)",
				);
				GCC_WARN_64_TO_32_BIT_CONVERSION = YES;
				GCC_WARN_ABOUT_RETURN_TYPE = YES_ERROR;
				GCC_WARN_UNDECLARED_SELECTOR = YES;
				GCC_WARN_UNINITIALIZED_AUTOS = YES_AGGRESSIVE;
				GCC_WARN_UNUSED_FUNCTION = YES;
				GCC_WARN_UNUSED_VARIABLE = YES;
				MACOSX_DEPLOYMENT_TARGET = 10.11;
				MTL_ENABLE_DEBUG_INFO = YES;
				ONLY_ACTIVE_ARCH = YES;
				SDKROOT = macosx;
			};
			name = Debug;
		};
		034CB5271D7C6B80006D4E84 /* Release */ = {
			isa = XCBuildConfiguration;
			buildSettings = {
				ALWAYS_SEARCH_USER_PATHS = NO;
				CLANG_ANALYZER_NONNULL = YES;
				CLANG_CXX_LANGUAGE_STANDARD = "gnu++0x";
				CLANG_CXX_LIBRARY = "libc++";
				CLANG_ENABLE_MODULES = YES;
				CLANG_ENABLE_OBJC_ARC = YES;
				CLANG_WARN_BOOL_CONVERSION = YES;
				CLANG_WARN_CONSTANT_CONVERSION = YES;
				CLANG_WARN_DIRECT_OBJC_ISA_USAGE = YES_ERROR;
				CLANG_WARN_EMPTY_BODY = YES;
				CLANG_WARN_ENUM_CONVERSION = YES;
				CLANG_WARN_INT_CONVERSION = YES;
				CLANG_WARN_OBJC_ROOT_CLASS = YES_ERROR;
				CLANG_WARN_UNREACHABLE_CODE = YES;
				CLANG_WARN__DUPLICATE_METHOD_MATCH = YES;
				CODE_SIGN_IDENTITY = "-";
				COPY_PHASE_STRIP = NO;
				DEBUG_INFORMATION_FORMAT = "dwarf-with-dsym";
				ENABLE_NS_ASSERTIONS = NO;
				ENABLE_STRICT_OBJC_MSGSEND = YES;
				GCC_C_LANGUAGE_STANDARD = gnu99;
				GCC_NO_COMMON_BLOCKS = YES;
				GCC_WARN_64_TO_32_BIT_CONVERSION = YES;
				GCC_WARN_ABOUT_RETURN_TYPE = YES_ERROR;
				GCC_WARN_UNDECLARED_SELECTOR = YES;
				GCC_WARN_UNINITIALIZED_AUTOS = YES_AGGRESSIVE;
				GCC_WARN_UNUSED_FUNCTION = YES;
				GCC_WARN_UNUSED_VARIABLE = YES;
				MACOSX_DEPLOYMENT_TARGET = 10.11;
				MTL_ENABLE_DEBUG_INFO = NO;
				SDKROOT = macosx;
			};
			name = Release;
		};
		034CB5291D7C6B80006D4E84 /* Debug */ = {
			isa = XCBuildConfiguration;
			buildSettings = {
				PRODUCT_NAME = "$(TARGET_NAME)";
			};
			name = Debug;
		};
		034CB52A1D7C6B80006D4E84 /* Release */ = {
			isa = XCBuildConfiguration;
			buildSettings = {
				PRODUCT_NAME = "$(TARGET_NAME)";
			};
			name = Release;
		};
/* End XCBuildConfiguration section */

/* Begin XCConfigurationList section */
		034CB51C1D7C6B80006D4E84 /* Build configuration list for PBXProject "test_SBJSON" */ = {
			isa = XCConfigurationList;
			buildConfigurations = (
				034CB5261D7C6B80006D4E84 /* Debug */,
				034CB5271D7C6B80006D4E84 /* Release */,
			);
			defaultConfigurationIsVisible = 0;
			defaultConfigurationName = Release;
		};
		034CB5281D7C6B80006D4E84 /* Build configuration list for PBXNativeTarget "test_SBJSON" */ = {
			isa = XCConfigurationList;
			buildConfigurations = (
				034CB5291D7C6B80006D4E84 /* Debug */,
				034CB52A1D7C6B80006D4E84 /* Release */,
			);
			defaultConfigurationIsVisible = 0;
		};
/* End XCConfigurationList section */
	};
	rootObject = 034CB5191D7C6B80006D4E84 /* Project object */;
}
