// !$*UTF8*$!
{
	archiveVersion = 1;
	classes = {
	};
	objectVersion = 46;
	objects = {

/* Begin PBXBuildFile section */
		03C3CB1B1D665D2500254A85 /* main.c in Sources */ = {isa = PBXBuildFile; fileRef = 03C3CB1A1D665D2500254A85 /* main.c */; };
		03C3CB231D665D2F00254A85 /* JSON_checker.c in Sources */ = {isa = PBXBuildFile; fileRef = 03C3CB211D665D2F00254A85 /* JSON_checker.c */; };
/* End PBXBuildFile section */

/* Begin PBXCopyFilesBuildPhase section */
		03C3CB151D665D2500254A85 /* CopyFiles */ = {
			isa = PBXCopyFilesBuildPhase;
			buildActionMask = 2147483647;
			dstPath = /usr/share/man/man1/;
			dstSubfolderSpec = 0;
			files = (
			);
			runOnlyForDeploymentPostprocessing = 1;
		};
/* End PBXCopyFilesBuildPhase section */

/* Begin PBXFileReference section */
		03C3CB171D665D2500254A85 /* jsonChecker2 */ = {isa = PBXFileReference; explicitFileType = "compiled.mach-o.executable"; includeInIndex = 0; path = jsonChecker2; sourceTree = BUILT_PRODUCTS_DIR; };
		03C3CB1A1D665D2500254A85 /* main.c */ = {isa = PBXFileReference; lastKnownFileType = sourcecode.c.c; path = main.c; sourceTree = "<group>"; };
		03C3CB211D665D2F00254A85 /* JSON_checker.c */ = {isa = PBXFileReference; fileEncoding = 4; lastKnownFileType = sourcecode.c.c; path = JSON_checker.c; sourceTree = "<group>"; };
		03C3CB221D665D2F00254A85 /* JSON_checker.h */ = {isa = PBXFileReference; fileEncoding = 4; lastKnownFileType = sourcecode.c.h; path = JSON_checker.h; sourceTree = "<group>"; };
/* End PBXFileReference section */

/* Begin PBXFrameworksBuildPhase section */
		03C3CB141D665D2500254A85 /* Frameworks */ = {
			isa = PBXFrameworksBuildPhase;
			buildActionMask = 2147483647;
			files = (
			);
			runOnlyForDeploymentPostprocessing = 0;
		};
/* End PBXFrameworksBuildPhase section */

/* Begin PBXGroup section */
		03C3CB0E1D665D2500254A85 = {
			isa = PBXGroup;
			children = (
				03C3CB211D665D2F00254A85 /* JSON_checker.c */,
				03C3CB221D665D2F00254A85 /* JSON_checker.h */,
				03C3CB191D665D2500254A85 /* jsonChecker */,
				03C3CB181D665D2500254A85 /* Products */,
			);
			sourceTree = "<group>";
		};
		03C3CB181D665D2500254A85 /* Products */ = {
			isa = PBXGroup;
			children = (
				03C3CB171D665D2500254A85 /* jsonChecker2 */,
			);
			name = Products;
			sourceTree = "<group>";
		};
		03C3CB191D665D2500254A85 /* jsonChecker */ = {
			isa = PBXGroup;
			children = (
				03C3CB1A1D665D2500254A85 /* main.c */,
			);
			path = jsonChecker;
			sourceTree = "<group>";
		};
/* End PBXGroup section */

/* Begin PBXNativeTarget section */
		03C3CB161D665D2500254A85 /* jsonChecker2 */ = {
			isa = PBXNativeTarget;
			buildConfigurationList = 03C3CB1E1D665D2500254A85 /* Build configuration list for PBXNativeTarget "jsonChecker2" */;
			buildPhases = (
				03C3CB131D665D2500254A85 /* Sources */,
				03C3CB141D665D2500254A85 /* Frameworks */,
				03C3CB151D665D2500254A85 /* CopyFiles */,
			);
			buildRules = (
			);
			dependencies = (
			);
			name = jsonChecker2;
			productName = jsonChecker;
			productReference = 03C3CB171D665D2500254A85 /* jsonChecker2 */;
			productType = "com.apple.product-type.tool";
		};
/* End PBXNativeTarget section */

/* Begin PBXProject section */
		03C3CB0F1D665D2500254A85 /* Project object */ = {
			isa = PBXProject;
			attributes = {
				LastUpgradeCheck = 0730;
				ORGANIZATIONNAME = "Nicolas Seriot";
				TargetAttributes = {
					03C3CB161D665D2500254A85 = {
						CreatedOnToolsVersion = 7.3;
					};
				};
			};
			buildConfigurationList = 03C3CB121D665D2500254A85 /* Build configuration list for PBXProject "jsonChecker2" */;
			compatibilityVersion = "Xcode 3.2";
			developmentRegion = English;
			hasScannedForEncodings = 0;
			knownRegions = (
				en,
			);
			mainGroup = 03C3CB0E1D665D2500254A85;
			productRefGroup = 03C3CB181D665D2500254A85 /* Products */;
			projectDirPath = "";
			projectRoot = "";
			targets = (
				03C3CB161D665D2500254A85 /* jsonChecker2 */,
			);
		};
/* End PBXProject section */

/* Begin PBXSourcesBuildPhase section */
		03C3CB131D665D2500254A85 /* Sources */ = {
			isa = PBXSourcesBuildPhase;
			buildActionMask = 2147483647;
			files = (
				03C3CB1B1D665D2500254A85 /* main.c in Sources */,
				03C3CB231D665D2F00254A85 /* JSON_checker.c in Sources */,
			);
			runOnlyForDeploymentPostprocessing = 0;
		};
/* End PBXSourcesBuildPhase section */

/* Begin XCBuildConfiguration section */
		03C3CB1C1D665D2500254A85 /* Debug */ = {
			isa = XCBuildConfiguration;
			buildSettings = {
				ALWAYS_SEARCH_USER_PATHS = NO;
				CLANG_ANALYZER_NONNULL = YES;
				CLANG_CXX_LANGUAGE_STANDARD = "gnu++0x";
				CLANG_CXX_LIBRARY = "libc++";
				CLANG_ENABLE_MODULES = YES;
				CLANG_ENABLE_OBJC_ARC = YES;
				CLANG_WARN_BOOL_CONVERSION = YES;
				CLANG_WARN_CONSTANT_CONVERSION = YES;
				CLANG_WARN_DIRECT_OBJC_ISA_USAGE = YES_ERROR;
				CLANG_WARN_EMPTY_BODY = YES;
				CLANG_WARN_ENUM_CONVERSION = YES;
				CLANG_WARN_INT_CONVERSION = YES;
				CLANG_WARN_OBJC_ROOT_CLASS = YES_ERROR;
				CLANG_WARN_UNREACHABLE_CODE = YES;
				CLANG_WARN__DUPLICATE_METHOD_MATCH = YES;
				CODE_SIGN_IDENTITY = "-";
				COPY_PHASE_STRIP = NO;
				DEBUG_INFORMATION_FORMAT = dwarf;
				ENABLE_STRICT_OBJC_MSGSEND = YES;
				ENABLE_TESTABILITY = YES;
				GCC_C_LANGUAGE_STANDARD = gnu99;
				GCC_DYNAMIC_NO_PIC = NO;
				GCC_NO_COMMON_BLOCKS = YES;
				GCC_OPTIMIZATION_LEVEL = 0;
				GCC_PREPROCESSOR_DEFINITIONS = (
					"DEBUG=1",
					"$(inherited)",
				);
				GCC_WARN_64_TO_32_BIT_CONVERSION = YES;
				GCC_WARN_ABOUT_RETURN_TYPE = YES_ERROR;
				GCC_WARN_UNDECLARED_SELECTOR = YES;
				GCC_WARN_UNINITIALIZED_AUTOS = YES_AGGRESSIVE;
				GCC_WARN_UNUSED_FUNCTION = YES;
				GCC_WARN_UNUSED_VARIABLE = YES;
				MACOSX_DEPLOYMENT_TARGET = 10.11;
				MTL_ENABLE_DEBUG_INFO = YES;
				ONLY_ACTIVE_ARCH = YES;
				SDKROOT = macosx;
			};
			name = Debug;
		};
		03C3CB1D1D665D2500254A85 /* Release */ = {
			isa = XCBuildConfiguration;
			buildSettings = {
				ALWAYS_SEARCH_USER_PATHS = NO;
				CLANG_ANALYZER_NONNULL = YES;
				CLANG_CXX_LANGUAGE_STANDARD = "gnu++0x";
				CLANG_CXX_LIBRARY = "libc++";
				CLANG_ENABLE_MODULES = YES;
				CLANG_ENABLE_OBJC_ARC = YES;
				CLANG_WARN_BOOL_CONVERSION = YES;
				CLANG_WARN_CONSTANT_CONVERSION = YES;
				CLANG_WARN_DIRECT_OBJC_ISA_USAGE = YES_ERROR;
				CLANG_WARN_EMPTY_BODY = YES;
				CLANG_WARN_ENUM_CONVERSION = YES;
				CLANG_WARN_INT_CONVERSION = YES;
				CLANG_WARN_OBJC_ROOT_CLASS = YES_ERROR;
				CLANG_WARN_UNREACHABLE_CODE = YES;
				CLANG_WARN__DUPLICATE_METHOD_MATCH = YES;
				CODE_SIGN_IDENTITY = "-";
				COPY_PHASE_STRIP = NO;
				DEBUG_INFORMATION_FORMAT = "dwarf-with-dsym";
				ENABLE_NS_ASSERTIONS = NO;
				ENABLE_STRICT_OBJC_MSGSEND = YES;
				GCC_C_LANGUAGE_STANDARD = gnu99;
				GCC_NO_COMMON_BLOCKS = YES;
				GCC_WARN_64_TO_32_BIT_CONVERSION = YES;
				GCC_WARN_ABOUT_RETURN_TYPE = YES_ERROR;
				GCC_WARN_UNDECLARED_SELECTOR = YES;
				GCC_WARN_UNINITIALIZED_AUTOS = YES_AGGRESSIVE;
				GCC_WARN_UNUSED_FUNCTION = YES;
				GCC_WARN_UNUSED_VARIABLE = YES;
				MACOSX_DEPLOYMENT_TARGET = 10.11;
				MTL_ENABLE_DEBUG_INFO = NO;
				SDKROOT = macosx;
			};
			name = Release;
		};
		03C3CB1F1D665D2500254A85 /* Debug */ = {
			isa = XCBuildConfiguration;
			buildSettings = {
				PRODUCT_NAME = "$(TARGET_NAME)";
			};
			name = Debug;
		};
		03C3CB201D665D2500254A85 /* Release */ = {
			isa = XCBuildConfiguration;
			buildSettings = {
				PRODUCT_NAME = "$(TARGET_NAME)";
			};
			name = Release;
		};
/* End XCBuildConfiguration section */

/* Begin XCConfigurationList section */
		03C3CB121D665D2500254A85 /* Build configuration list for PBXProject "jsonChecker2" */ = {
			isa = XCConfigurationList;
			buildConfigurations = (
				03C3CB1C1D665D2500254A85 /* Debug */,
				03C3CB1D1D665D2500254A85 /* Release */,
			);
			defaultConfigurationIsVisible = 0;
			defaultConfigurationName = Release;
		};
		03C3CB1E1D665D2500254A85 /* Build configuration list for PBXNativeTarget "jsonChecker2" */ = {
			isa = XCConfigurationList;
			buildConfigurations = (
				03C3CB1F1D665D2500254A85 /* Debug */,
				03C3CB201D665D2500254A85 /* Release */,
			);
			defaultConfigurationIsVisible = 0;
			defaultConfigurationName = Release;
		};
/* End XCConfigurationList section */
	};
	rootObject = 03C3CB0F1D665D2500254A85 /* Project object */;
}
