// !$*UTF8*$!
{
	archiveVersion = 1;
	classes = {
	};
	objectVersion = 46;
	objects = {

/* Begin PBXBuildFile section */
		03B1DD251D566DF600FEDE27 /* main.c in Sources */ = {isa = PBXBuildFile; fileRef = 03B1DD241D566DF600FEDE27 /* main.c */; };
		03B1DD301D567B1400FEDE27 /* json.c in Sources */ = {isa = PBXBuildFile; fileRef = 03B1DD2E1D567B1400FEDE27 /* json.c */; };
/* End PBXBuildFile section */

/* Begin PBXCopyFilesBuildPhase section */
		03B1DD1F1D566DF600FEDE27 /* CopyFiles */ = {
			isa = PBXCopyFilesBuildPhase;
			buildActionMask = 2147483647;
			dstPath = /usr/share/man/man1/;
			dstSubfolderSpec = 0;
			files = (
			);
			runOnlyForDeploymentPostprocessing = 1;
		};
/* End PBXCopyFilesBuildPhase section */

/* Begin PBXFileReference section */
		03B1DD211D566DF600FEDE27 /* test_json-parser */ = {isa = PBXFileReference; explicitFileType = "compiled.mach-o.executable"; includeInIndex = 0; path = "test_json-parser"; sourceTree = BUILT_PRODUCTS_DIR; };
		03B1DD241D566DF600FEDE27 /* main.c */ = {isa = PBXFileReference; lastKnownFileType = sourcecode.c.c; path = main.c; sourceTree = "<group>"; };
		03B1DD2E1D567B1400FEDE27 /* json.c */ = {isa = PBXFileReference; fileEncoding = 4; lastKnownFileType = sourcecode.c.c; name = json.c; path = "test_json-parser/json.c"; sourceTree = "<group>"; };
		03B1DD2F1D567B1400FEDE27 /* json.h */ = {isa = PBXFileReference; fileEncoding = 4; lastKnownFileType = sourcecode.c.h; name = json.h; path = "test_json-parser/json.h"; sourceTree = "<group>"; };
/* End PBXFileReference section */

/* Begin PBXFrameworksBuildPhase section */
		03B1DD1E1D566DF600FEDE27 /* Frameworks */ = {
			isa = PBXFrameworksBuildPhase;
			buildActionMask = 2147483647;
			files = (
			);
			runOnlyForDeploymentPostprocessing = 0;
		};
/* End PBXFrameworksBuildPhase section */

/* Begin PBXGroup section */
		03B1DD181D566DF600FEDE27 = {
			isa = PBXGroup;
			children = (
				03B1DD2F1D567B1400FEDE27 /* json.h */,
				03B1DD2E1D567B1400FEDE27 /* json.c */,
				03B1DD231D566DF600FEDE27 /* test_json-parser */,
				03B1DD221D566DF600FEDE27 /* Products */,
			);
			sourceTree = "<group>";
		};
		03B1DD221D566DF600FEDE27 /* Products */ = {
			isa = PBXGroup;
			children = (
				03B1DD211D566DF600FEDE27 /* test_json-parser */,
			);
			name = Products;
			sourceTree = "<group>";
		};
		03B1DD231D566DF600FEDE27 /* test_json-parser */ = {
			isa = PBXGroup;
			children = (
				03B1DD241D566DF600FEDE27 /* main.c */,
			);
			path = "test_json-parser";
			sourceTree = "<group>";
		};
/* End PBXGroup section */

/* Begin PBXNativeTarget section */
		03B1DD201D566DF600FEDE27 /* test_json-parser */ = {
			isa = PBXNativeTarget;
			buildConfigurationList = 03B1DD281D566DF600FEDE27 /* Build configuration list for PBXNativeTarget "test_json-parser" */;
			buildPhases = (
				03B1DD1D1D566DF600FEDE27 /* Sources */,
				03B1DD1E1D566DF600FEDE27 /* Frameworks */,
				03B1DD1F1D566DF600FEDE27 /* CopyFiles */,
			);
			buildRules = (
			);
			dependencies = (
			);
			name = "test_json-parser";
			productName = "test_json-parser";
			productReference = 03B1DD211D566DF600FEDE27 /* test_json-parser */;
			productType = "com.apple.product-type.tool";
		};
/* End PBXNativeTarget section */

/* Begin PBXProject section */
		03B1DD191D566DF600FEDE27 /* Project object */ = {
			isa = PBXProject;
			attributes = {
				LastUpgradeCheck = 0800;
				ORGANIZATIONNAME = "Nicolas Seriot";
				TargetAttributes = {
					03B1DD201D566DF600FEDE27 = {
						CreatedOnToolsVersion = 8.0;
						DevelopmentTeam = VBYRKYS73S;
						DevelopmentTeamName = "Nicolas Seriot";
						ProvisioningStyle = Automatic;
					};
				};
			};
			buildConfigurationList = 03B1DD1C1D566DF600FEDE27 /* Build configuration list for PBXProject "test_json-parser" */;
			compatibilityVersion = "Xcode 3.2";
			developmentRegion = English;
			hasScannedForEncodings = 0;
			knownRegions = (
				en,
			);
			mainGroup = 03B1DD181D566DF600FEDE27;
			productRefGroup = 03B1DD221D566DF600FEDE27 /* Products */;
			projectDirPath = "";
			projectRoot = "";
			targets = (
				03B1DD201D566DF600FEDE27 /* test_json-parser */,
			);
		};
/* End PBXProject section */

/* Begin PBXSourcesBuildPhase section */
		03B1DD1D1D566DF600FEDE27 /* Sources */ = {
			isa = PBXSourcesBuildPhase;
			buildActionMask = 2147483647;
			files = (
				03B1DD251D566DF600FEDE27 /* main.c in Sources */,
				03B1DD301D567B1400FEDE27 /* json.c in Sources */,
			);
			runOnlyForDeploymentPostprocessing = 0;
		};
/* End PBXSourcesBuildPhase section */

/* Begin XCBuildConfiguration section */
		03B1DD261D566DF600FEDE27 /* Debug */ = {
			isa = XCBuildConfiguration;
			buildSettings = {
				ALWAYS_SEARCH_USER_PATHS = NO;
				CLANG_ANALYZER_NONNULL = YES;
				CLANG_CXX_LANGUAGE_STANDARD = "gnu++0x";
				CLANG_CXX_LIBRARY = "libc++";
				CLANG_ENABLE_MODULES = YES;
				CLANG_ENABLE_OBJC_ARC = YES;
				CLANG_WARN_BOOL_CONVERSION = YES;
				CLANG_WARN_CONSTANT_CONVERSION = YES;
				CLANG_WARN_DIRECT_OBJC_ISA_USAGE = YES_ERROR;
				CLANG_WARN_DOCUMENTATION_COMMENTS = YES;
				CLANG_WARN_EMPTY_BODY = YES;
				CLANG_WARN_ENUM_CONVERSION = YES;
				CLANG_WARN_INT_CONVERSION = YES;
				CLANG_WARN_OBJC_ROOT_CLASS = YES_ERROR;
				CLANG_WARN_UNREACHABLE_CODE = YES;
				CLANG_WARN__DUPLICATE_METHOD_MATCH = YES;
				CODE_SIGN_IDENTITY = "-";
				COPY_PHASE_STRIP = NO;
				DEBUG_INFORMATION_FORMAT = dwarf;
				ENABLE_STRICT_OBJC_MSGSEND = YES;
				ENABLE_TESTABILITY = YES;
				GCC_C_LANGUAGE_STANDARD = gnu99;
				GCC_DYNAMIC_NO_PIC = NO;
				GCC_NO_COMMON_BLOCKS = YES;
				GCC_OPTIMIZATION_LEVEL = 0;
				GCC_PREPROCESSOR_DEFINITIONS = (
					"DEBUG=1",
					"$(inherited)",
				);
				GCC_WARN_64_TO_32_BIT_CONVERSION = YES;
				GCC_WARN_ABOUT_RETURN_TYPE = YES_ERROR;
				GCC_WARN_UNDECLARED_SELECTOR = YES;
				GCC_WARN_UNINITIALIZED_AUTOS = YES_AGGRESSIVE;
				GCC_WARN_UNUSED_FUNCTION = YES;
				GCC_WARN_UNUSED_VARIABLE = YES;
				MACOSX_DEPLOYMENT_TARGET = 10.11;
				MTL_ENABLE_DEBUG_INFO = YES;
				ONLY_ACTIVE_ARCH = YES;
				SDKROOT = macosx;
			};
			name = Debug;
		};
		03B1DD271D566DF600FEDE27 /* Release */ = {
			isa = XCBuildConfiguration;
			buildSettings = {
				ALWAYS_SEARCH_USER_PATHS = NO;
				CLANG_ANALYZER_NONNULL = YES;
				CLANG_CXX_LANGUAGE_STANDARD = "gnu++0x";
				CLANG_CXX_LIBRARY = "libc++";
				CLANG_ENABLE_MODULES = YES;
				CLANG_ENABLE_OBJC_ARC = YES;
				CLANG_WARN_BOOL_CONVERSION = YES;
				CLANG_WARN_CONSTANT_CONVERSION = YES;
				CLANG_WARN_DIRECT_OBJC_ISA_USAGE = YES_ERROR;
				CLANG_WARN_DOCUMENTATION_COMMENTS = YES;
				CLANG_WARN_EMPTY_BODY = YES;
				CLANG_WARN_ENUM_CONVERSION = YES;
				CLANG_WARN_INT_CONVERSION = YES;
				CLANG_WARN_OBJC_ROOT_CLASS = YES_ERROR;
				CLANG_WARN_UNREACHABLE_CODE = YES;
				CLANG_WARN__DUPLICATE_METHOD_MATCH = YES;
				CODE_SIGN_IDENTITY = "-";
				COPY_PHASE_STRIP = NO;
				DEBUG_INFORMATION_FORMAT = "dwarf-with-dsym";
				ENABLE_NS_ASSERTIONS = NO;
				ENABLE_STRICT_OBJC_MSGSEND = YES;
				GCC_C_LANGUAGE_STANDARD = gnu99;
				GCC_NO_COMMON_BLOCKS = YES;
				GCC_WARN_64_TO_32_BIT_CONVERSION = YES;
				GCC_WARN_ABOUT_RETURN_TYPE = YES_ERROR;
				GCC_WARN_UNDECLARED_SELECTOR = YES;
				GCC_WARN_UNINITIALIZED_AUTOS = YES_AGGRESSIVE;
				GCC_WARN_UNUSED_FUNCTION = YES;
				GCC_WARN_UNUSED_VARIABLE = YES;
				MACOSX_DEPLOYMENT_TARGET = 10.11;
				MTL_ENABLE_DEBUG_INFO = NO;
				SDKROOT = macosx;
			};
			name = Release;
		};
		03B1DD291D566DF600FEDE27 /* Debug */ = {
			isa = XCBuildConfiguration;
			buildSettings = {
				PRODUCT_NAME = "$(TARGET_NAME)";
			};
			name = Debug;
		};
		03B1DD2A1D566DF600FEDE27 /* Release */ = {
			isa = XCBuildConfiguration;
			buildSettings = {
				PRODUCT_NAME = "$(TARGET_NAME)";
			};
			name = Release;
		};
/* End XCBuildConfiguration section */

/* Begin XCConfigurationList section */
		03B1DD1C1D566DF600FEDE27 /* Build configuration list for PBXProject "test_json-parser" */ = {
			isa = XCConfigurationList;
			buildConfigurations = (
				03B1DD261D566DF600FEDE27 /* Debug */,
				03B1DD271D566DF600FEDE27 /* Release */,
			);
			defaultConfigurationIsVisible = 0;
			defaultConfigurationName = Release;
		};
		03B1DD281D566DF600FEDE27 /* Build configuration list for PBXNativeTarget "test_json-parser" */ = {
			isa = XCConfigurationList;
			buildConfigurations = (
				03B1DD291D566DF600FEDE27 /* Debug */,
				03B1DD2A1D566DF600FEDE27 /* Release */,
			);
			defaultConfigurationIsVisible = 0;
			defaultConfigurationName = Release;
		};
/* End XCConfigurationList section */
	};
	rootObject = 03B1DD191D566DF600FEDE27 /* Project object */;
}
